// !$*UTF8*$!
{
	archiveVersion = 1;
	classes = {
	};
	objectVersion = 56;
	objects = {

/* Begin PBXBuildFile section */
		7A0B75F22AF04FFA00CD2584 /* kisMath.cpp in Sources */ = {isa = PBXBuildFile; fileRef = 7A0B75F12AF04FFA00CD2584 /* kisMath.cpp */; };
		7A0B75F82AF3038E00CD2584 /* kisVkResources.cpp in Sources */ = {isa = PBXBuildFile; fileRef = 7A0B75F72AF3038E00CD2584 /* kisVkResources.cpp */; };
		7A0B75FB2AF3040000CD2584 /* kisVkPrivate.cpp in Sources */ = {isa = PBXBuildFile; fileRef = 7A0B75FA2AF3040000CD2584 /* kisVkPrivate.cpp */; };
		7A0B76012AFCCC4B00CD2584 /* kisTime.cpp in Sources */ = {isa = PBXBuildFile; fileRef = 7A0B76002AFCCC4B00CD2584 /* kisTime.cpp */; };
		7A36CA832B35F70B00A006D8 /* libkisCore_macOS.a in Frameworks */ = {isa = PBXBuildFile; fileRef = 7A8BD5842B35F48E00A23795 /* libkisCore_macOS.a */; };
		7A36CA842B35F71200A006D8 /* libkisGraphics_macOS.a in Frameworks */ = {isa = PBXBuildFile; fileRef = 7A8BD5A22B35F51000A23795 /* libkisGraphics_macOS.a */; };
		7A36CA8E2B5C68A400A006D8 /* main.cpp in Sources */ = {isa = PBXBuildFile; fileRef = 7A36CA8D2B5C68A400A006D8 /* main.cpp */; };
		7A36CA922B5C6CF800A006D8 /* libkisCore_macOS.a in Frameworks */ = {isa = PBXBuildFile; fileRef = 7A8BD5842B35F48E00A23795 /* libkisCore_macOS.a */; };
		7A36CA962B5E621100A006D8 /* kisTestHashMap.cpp in Sources */ = {isa = PBXBuildFile; fileRef = 7A36CA952B5E621100A006D8 /* kisTestHashMap.cpp */; };
		7A36CA992B679C2500A006D8 /* kisHash.cpp in Sources */ = {isa = PBXBuildFile; fileRef = 7A36CA982B679C2400A006D8 /* kisHash.cpp */; };
		7A36CA9A2B679C2500A006D8 /* kisHash.cpp in Sources */ = {isa = PBXBuildFile; fileRef = 7A36CA982B679C2400A006D8 /* kisHash.cpp */; };
		7A36CA9B2B679C2500A006D8 /* kisHash.cpp in Sources */ = {isa = PBXBuildFile; fileRef = 7A36CA982B679C2400A006D8 /* kisHash.cpp */; };
		7A452D692AE4000200700DCB /* AppDelegate.swift in Sources */ = {isa = PBXBuildFile; fileRef = 7A452D682AE4000200700DCB /* AppDelegate.swift */; };
		7A452D6B2AE4000200700DCB /* GameViewController.swift in Sources */ = {isa = PBXBuildFile; fileRef = 7A452D6A2AE4000200700DCB /* GameViewController.swift */; };
		7A452D6E2AE4000200700DCB /* Main.storyboard in Resources */ = {isa = PBXBuildFile; fileRef = 7A452D6C2AE4000200700DCB /* Main.storyboard */; };
		7A452D712AE4000200700DCB /* LaunchScreen.storyboard in Resources */ = {isa = PBXBuildFile; fileRef = 7A452D6F2AE4000200700DCB /* LaunchScreen.storyboard */; };
		7A452D792AE4000200700DCB /* AppDelegate.swift in Sources */ = {isa = PBXBuildFile; fileRef = 7A452D782AE4000200700DCB /* AppDelegate.swift */; };
		7A452D7B2AE4000200700DCB /* GameViewController.swift in Sources */ = {isa = PBXBuildFile; fileRef = 7A452D7A2AE4000200700DCB /* GameViewController.swift */; };
		7A452D7E2AE4000200700DCB /* Main.storyboard in Resources */ = {isa = PBXBuildFile; fileRef = 7A452D7C2AE4000200700DCB /* Main.storyboard */; };
		7A452D802AE4000200700DCB /* Shaders.metal in Sources */ = {isa = PBXBuildFile; fileRef = 7A452D5D2AE4000000700DCB /* Shaders.metal */; };
		7A452D812AE4000200700DCB /* Shaders.metal in Sources */ = {isa = PBXBuildFile; fileRef = 7A452D5D2AE4000000700DCB /* Shaders.metal */; };
		7A452D842AE4000200700DCB /* ShaderTypes.h in Resources */ = {isa = PBXBuildFile; fileRef = 7A452D5F2AE4000000700DCB /* ShaderTypes.h */; };
		7A452D852AE4000200700DCB /* ShaderTypes.h in Resources */ = {isa = PBXBuildFile; fileRef = 7A452D5F2AE4000000700DCB /* ShaderTypes.h */; };
		7A452D862AE4000200700DCB /* Assets.xcassets in Resources */ = {isa = PBXBuildFile; fileRef = 7A452D602AE4000200700DCB /* Assets.xcassets */; };
		7A452D872AE4000200700DCB /* Assets.xcassets in Resources */ = {isa = PBXBuildFile; fileRef = 7A452D602AE4000200700DCB /* Assets.xcassets */; };
		7A452D9D2AE4007C00700DCB /* kisCore.cpp in Sources */ = {isa = PBXBuildFile; fileRef = 7A452D9B2AE4007C00700DCB /* kisCore.cpp */; };
		7A452DCA2AE42AFE00700DCB /* engine.cpp in Sources */ = {isa = PBXBuildFile; fileRef = 7A452DC92AE42AFE00700DCB /* engine.cpp */; };
		7A452DD72AE431FF00700DCB /* libkisEngine_iOS.a in Frameworks */ = {isa = PBXBuildFile; fileRef = 7A452DC22AE42AA600700DCB /* libkisEngine_iOS.a */; };
		7A452DD82AE4320D00700DCB /* libkisCore_iOS.a in Frameworks */ = {isa = PBXBuildFile; fileRef = 7A452D942AE4002E00700DCB /* libkisCore_iOS.a */; };
		7A452DD92AE4321400700DCB /* libkisCore_iOS.a in Frameworks */ = {isa = PBXBuildFile; fileRef = 7A452D942AE4002E00700DCB /* libkisCore_iOS.a */; };
		7A452DDA2AE4321A00700DCB /* libkisGraphics_iOS.a in Frameworks */ = {isa = PBXBuildFile; fileRef = 7A452DA72AE400FC00700DCB /* libkisGraphics_iOS.a */; };
		7A452DE12AE542AC00700DCB /* kisGraphics.cpp in Sources */ = {isa = PBXBuildFile; fileRef = 7A452DDF2AE542AC00700DCB /* kisGraphics.cpp */; };
		7A452DE92AE5437C00700DCB /* kisVk.cpp in Sources */ = {isa = PBXBuildFile; fileRef = 7A452DE82AE5437C00700DCB /* kisVk.cpp */; };
		7A452DEC2AE8535600700DCB /* kisFile.cpp in Sources */ = {isa = PBXBuildFile; fileRef = 7A452DEB2AE8535600700DCB /* kisFile.cpp */; };
		7A452DEF2AE854DC00700DCB /* kisMem.cpp in Sources */ = {isa = PBXBuildFile; fileRef = 7A452DEE2AE854DC00700DCB /* kisMem.cpp */; };
		7A452DFF2AED285900700DCB /* Utilities.swift in Sources */ = {isa = PBXBuildFile; fileRef = 7A452DFE2AED285900700DCB /* Utilities.swift */; };
		7A452E002AED285900700DCB /* Utilities.swift in Sources */ = {isa = PBXBuildFile; fileRef = 7A452DFE2AED285900700DCB /* Utilities.swift */; };
		7A452E0B2AED443300700DCB /* data in Resources */ = {isa = PBXBuildFile; fileRef = 7A452E0A2AED443300700DCB /* data */; };
		7A452E0C2AED443300700DCB /* data in Resources */ = {isa = PBXBuildFile; fileRef = 7A452E0A2AED443300700DCB /* data */; };
		7A452E0E2AEE578100700DCB /* kisRenderer.swift in Sources */ = {isa = PBXBuildFile; fileRef = 7A452E0D2AEE578100700DCB /* kisRenderer.swift */; };
		7A452E0F2AEE578200700DCB /* kisRenderer.swift in Sources */ = {isa = PBXBuildFile; fileRef = 7A452E0D2AEE578100700DCB /* kisRenderer.swift */; };
		7A45BEAD2B193CB1008C0242 /* kisEditorRenderer.swift in Sources */ = {isa = PBXBuildFile; fileRef = 7A45BEAC2B193CB1008C0242 /* kisEditorRenderer.swift */; };
		7A45BEAE2B193D6F008C0242 /* Utilities.swift in Sources */ = {isa = PBXBuildFile; fileRef = 7A452DFE2AED285900700DCB /* Utilities.swift */; };
		7A45BEBA2B25D29F008C0242 /* kisBuffer.cpp in Sources */ = {isa = PBXBuildFile; fileRef = 7A45BEB92B25D29F008C0242 /* kisBuffer.cpp */; };
		7A45BEBD2B2E317C008C0242 /* AppDelegate.swift in Sources */ = {isa = PBXBuildFile; fileRef = 7A45BEBC2B2E317C008C0242 /* AppDelegate.swift */; };
		7A5ACE722BC5E2A0006FEC53 /* rpmalloc.c in Sources */ = {isa = PBXBuildFile; fileRef = 7A5ACE712BC5E2A0006FEC53 /* rpmalloc.c */; };
		7A5ACE732BC5E2A0006FEC53 /* rpmalloc.c in Sources */ = {isa = PBXBuildFile; fileRef = 7A5ACE712BC5E2A0006FEC53 /* rpmalloc.c */; };
		7A5ACE742BC5E2A0006FEC53 /* rpmalloc.c in Sources */ = {isa = PBXBuildFile; fileRef = 7A5ACE712BC5E2A0006FEC53 /* rpmalloc.c */; };
		7A650F692E082B3300D9BA8D /* kisBuilder.cpp in Sources */ = {isa = PBXBuildFile; fileRef = 7A650F682E082B3300D9BA8D /* kisBuilder.cpp */; };
		7A650F6F2E082DF800D9BA8D /* kisClient.cpp in Sources */ = {isa = PBXBuildFile; fileRef = 7A650F6E2E082DF800D9BA8D /* kisClient.cpp */; };
		7A650F722E082E7C00D9BA8D /* kisServer.cpp in Sources */ = {isa = PBXBuildFile; fileRef = 7A650F712E082E7C00D9BA8D /* kisServer.cpp */; };
		7A650F752E08324900D9BA8D /* kisThreading.cpp in Sources */ = {isa = PBXBuildFile; fileRef = 7A650F742E08324900D9BA8D /* kisThreading.cpp */; };
		7A650F762E08324900D9BA8D /* kisThreading.cpp in Sources */ = {isa = PBXBuildFile; fileRef = 7A650F742E08324900D9BA8D /* kisThreading.cpp */; };
		7A8BD5792B35F48E00A23795 /* kisTime.cpp in Sources */ = {isa = PBXBuildFile; fileRef = 7A0B76002AFCCC4B00CD2584 /* kisTime.cpp */; };
		7A8BD57A2B35F48E00A23795 /* kisMem.cpp in Sources */ = {isa = PBXBuildFile; fileRef = 7A452DEE2AE854DC00700DCB /* kisMem.cpp */; };
		7A8BD57B2B35F48E00A23795 /* kisCore.cpp in Sources */ = {isa = PBXBuildFile; fileRef = 7A452D9B2AE4007C00700DCB /* kisCore.cpp */; };
		7A8BD57C2B35F48E00A23795 /* kisBuffer.cpp in Sources */ = {isa = PBXBuildFile; fileRef = 7A45BEB92B25D29F008C0242 /* kisBuffer.cpp */; };
		7A8BD57D2B35F48E00A23795 /* kisFile.cpp in Sources */ = {isa = PBXBuildFile; fileRef = 7A452DEB2AE8535600700DCB /* kisFile.cpp */; };
		7A8BD57E2B35F48E00A23795 /* kisMath.cpp in Sources */ = {isa = PBXBuildFile; fileRef = 7A0B75F12AF04FFA00CD2584 /* kisMath.cpp */; };
		7A8BD58B2B35F4C000A23795 /* engine.cpp in Sources */ = {isa = PBXBuildFile; fileRef = 7A452DC92AE42AFE00700DCB /* engine.cpp */; };
		7A8BD5982B35F51000A23795 /* kisVkPrivate.cpp in Sources */ = {isa = PBXBuildFile; fileRef = 7A0B75FA2AF3040000CD2584 /* kisVkPrivate.cpp */; };
		7A8BD5992B35F51000A23795 /* kisVk.cpp in Sources */ = {isa = PBXBuildFile; fileRef = 7A452DE82AE5437C00700DCB /* kisVk.cpp */; };
		7A8BD59A2B35F51000A23795 /* kisGraphics.cpp in Sources */ = {isa = PBXBuildFile; fileRef = 7A452DDF2AE542AC00700DCB /* kisGraphics.cpp */; };
		7A8BD59B2B35F51000A23795 /* kisVkResources.cpp in Sources */ = {isa = PBXBuildFile; fileRef = 7A0B75F72AF3038E00CD2584 /* kisVkResources.cpp */; };
		7A8BD5A52B35F56200A23795 /* libkisEngine_macOS.a in Frameworks */ = {isa = PBXBuildFile; fileRef = 7A8BD5932B35F4C000A23795 /* libkisEngine_macOS.a */; };
		7A8BD5AA2B35F58800A23795 /* libkisCore_macOS.a in Frameworks */ = {isa = PBXBuildFile; fileRef = 7A8BD5842B35F48E00A23795 /* libkisCore_macOS.a */; };
		7A8BD5AB2B35F58C00A23795 /* libkisGraphics_macOS.a in Frameworks */ = {isa = PBXBuildFile; fileRef = 7A8BD5A22B35F51000A23795 /* libkisGraphics_macOS.a */; };
		7A8BD5AC2B35F5DA00A23795 /* libkisCore_macOS.a in Frameworks */ = {isa = PBXBuildFile; fileRef = 7A8BD5842B35F48E00A23795 /* libkisCore_macOS.a */; };
		7AB361792B126DCE00DA31E4 /* data in Resources */ = {isa = PBXBuildFile; fileRef = 7A452E0A2AED443300700DCB /* data */; };
		7AB361952B12742100DA31E4 /* Main.storyboard in Resources */ = {isa = PBXBuildFile; fileRef = 7AB361942B12742100DA31E4 /* Main.storyboard */; };
		7AB361972B12744800DA31E4 /* EditorViewController.swift in Sources */ = {isa = PBXBuildFile; fileRef = 7AB361962B12744800DA31E4 /* EditorViewController.swift */; };
		7AB361BB2B16A67000DA31E4 /* kisEditor.cpp in Sources */ = {isa = PBXBuildFile; fileRef = 7AB361BA2B16A67000DA31E4 /* kisEditor.cpp */; };
		7AB361BE2B17EE9600DA31E4 /* libkisEditor.a in Frameworks */ = {isa = PBXBuildFile; fileRef = 7AB361AE2B16A56000DA31E4 /* libkisEditor.a */; };
/* End PBXBuildFile section */

/* Begin PBXContainerItemProxy section */
		7A36CA7F2B35F6FB00A006D8 /* PBXContainerItemProxy */ = {
			isa = PBXContainerItemProxy;
			containerPortal = 7A452D582AE4000000700DCB /* Project object */;
			proxyType = 1;
			remoteGlobalIDString = 7A8BD5772B35F48E00A23795;
			remoteInfo = kisCore_macOS;
		};
		7A36CA812B35F70300A006D8 /* PBXContainerItemProxy */ = {
			isa = PBXContainerItemProxy;
			containerPortal = 7A452D582AE4000000700DCB /* Project object */;
			proxyType = 1;
			remoteGlobalIDString = 7A8BD5942B35F51000A23795;
			remoteInfo = kisGraphics_macOS;
		};
		7A36CA932B5C6D0800A006D8 /* PBXContainerItemProxy */ = {
			isa = PBXContainerItemProxy;
			containerPortal = 7A452D582AE4000000700DCB /* Project object */;
			proxyType = 1;
			remoteGlobalIDString = 7A8BD5772B35F48E00A23795;
			remoteInfo = kisCore_macOS;
		};
		7A452DCE2AE430B200700DCB /* PBXContainerItemProxy */ = {
			isa = PBXContainerItemProxy;
			containerPortal = 7A452D582AE4000000700DCB /* Project object */;
			proxyType = 1;
			remoteGlobalIDString = 7A452D932AE4002E00700DCB;
			remoteInfo = kisCore;
		};
		7A452DD02AE430CA00700DCB /* PBXContainerItemProxy */ = {
			isa = PBXContainerItemProxy;
			containerPortal = 7A452D582AE4000000700DCB /* Project object */;
			proxyType = 1;
			remoteGlobalIDString = 7A452D932AE4002E00700DCB;
			remoteInfo = kisCore;
		};
		7A452DD22AE430CA00700DCB /* PBXContainerItemProxy */ = {
			isa = PBXContainerItemProxy;
			containerPortal = 7A452D582AE4000000700DCB /* Project object */;
			proxyType = 1;
			remoteGlobalIDString = 7A452DA62AE400FC00700DCB;
			remoteInfo = kisGraphics;
		};
		7A452DD42AE430D900700DCB /* PBXContainerItemProxy */ = {
			isa = PBXContainerItemProxy;
			containerPortal = 7A452D582AE4000000700DCB /* Project object */;
			proxyType = 1;
			remoteGlobalIDString = 7A452DC12AE42AA600700DCB;
			remoteInfo = kisEngine;
		};
		7A45BEAF2B193F08008C0242 /* PBXContainerItemProxy */ = {
			isa = PBXContainerItemProxy;
			containerPortal = 7A452D582AE4000000700DCB /* Project object */;
			proxyType = 1;
			remoteGlobalIDString = 7AB361A02B16A56000DA31E4;
			remoteInfo = kisEditor;
		};
		7A8BD5A32B35F55500A23795 /* PBXContainerItemProxy */ = {
			isa = PBXContainerItemProxy;
			containerPortal = 7A452D582AE4000000700DCB /* Project object */;
			proxyType = 1;
			remoteGlobalIDString = 7A8BD5852B35F4C000A23795;
			remoteInfo = kisEngine_macOS;
		};
		7A8BD5A62B35F57800A23795 /* PBXContainerItemProxy */ = {
			isa = PBXContainerItemProxy;
			containerPortal = 7A452D582AE4000000700DCB /* Project object */;
			proxyType = 1;
			remoteGlobalIDString = 7A8BD5942B35F51000A23795;
			remoteInfo = kisGraphics_macOS;
		};
		7A8BD5A82B35F58000A23795 /* PBXContainerItemProxy */ = {
			isa = PBXContainerItemProxy;
			containerPortal = 7A452D582AE4000000700DCB /* Project object */;
			proxyType = 1;
			remoteGlobalIDString = 7A8BD5772B35F48E00A23795;
			remoteInfo = kisCore_macOS;
		};
		7A8BD5AD2B35F5E000A23795 /* PBXContainerItemProxy */ = {
			isa = PBXContainerItemProxy;
			containerPortal = 7A452D582AE4000000700DCB /* Project object */;
			proxyType = 1;
			remoteGlobalIDString = 7A8BD5772B35F48E00A23795;
			remoteInfo = kisCore_macOS;
		};
/* End PBXContainerItemProxy section */

/* Begin PBXCopyFilesBuildPhase section */
		7A36CA892B5C68A400A006D8 /* CopyFiles */ = {
			isa = PBXCopyFilesBuildPhase;
			buildActionMask = 2147483647;
			dstPath = /usr/share/man/man1/;
			dstSubfolderSpec = 0;
			files = (
			);
			runOnlyForDeploymentPostprocessing = 1;
		};
		7A413D842DFEDC1C00E9A87F /* CopyFiles */ = {
			isa = PBXCopyFilesBuildPhase;
			buildActionMask = 2147483647;
			dstPath = /usr/share/man/man1/;
			dstSubfolderSpec = 0;
			files = (
			);
			runOnlyForDeploymentPostprocessing = 1;
		};
		7A452D922AE4002E00700DCB /* CopyFiles */ = {
			isa = PBXCopyFilesBuildPhase;
			buildActionMask = 2147483647;
			dstPath = "include/$(PRODUCT_NAME)";
			dstSubfolderSpec = 16;
			files = (
			);
			runOnlyForDeploymentPostprocessing = 0;
		};
		7A452DA52AE400FC00700DCB /* CopyFiles */ = {
			isa = PBXCopyFilesBuildPhase;
			buildActionMask = 2147483647;
			dstPath = "include/$(PRODUCT_NAME)";
			dstSubfolderSpec = 16;
			files = (
			);
			runOnlyForDeploymentPostprocessing = 0;
		};
		7A452DC02AE42AA600700DCB /* CopyFiles */ = {
			isa = PBXCopyFilesBuildPhase;
			buildActionMask = 2147483647;
			dstPath = "include/$(PRODUCT_NAME)";
			dstSubfolderSpec = 16;
			files = (
			);
			runOnlyForDeploymentPostprocessing = 0;
		};
		7A8BD5802B35F48E00A23795 /* CopyFiles */ = {
			isa = PBXCopyFilesBuildPhase;
			buildActionMask = 2147483647;
			dstPath = "include/$(PRODUCT_NAME)";
			dstSubfolderSpec = 16;
			files = (
			);
			runOnlyForDeploymentPostprocessing = 0;
		};
		7A8BD58F2B35F4C000A23795 /* CopyFiles */ = {
			isa = PBXCopyFilesBuildPhase;
			buildActionMask = 2147483647;
			dstPath = "include/$(PRODUCT_NAME)";
			dstSubfolderSpec = 16;
			files = (
			);
			runOnlyForDeploymentPostprocessing = 0;
		};
		7A8BD59E2B35F51000A23795 /* CopyFiles */ = {
			isa = PBXCopyFilesBuildPhase;
			buildActionMask = 2147483647;
			dstPath = "include/$(PRODUCT_NAME)";
			dstSubfolderSpec = 16;
			files = (
			);
			runOnlyForDeploymentPostprocessing = 0;
		};
		7AB361AA2B16A56000DA31E4 /* CopyFiles */ = {
			isa = PBXCopyFilesBuildPhase;
			buildActionMask = 2147483647;
			dstPath = "include/$(PRODUCT_NAME)";
			dstSubfolderSpec = 16;
			files = (
			);
			runOnlyForDeploymentPostprocessing = 0;
		};
/* End PBXCopyFilesBuildPhase section */

/* Begin PBXFileReference section */
		7A0B75F02AEF0AFA00CD2584 /* kis-iOS_Config.xcconfig */ = {isa = PBXFileReference; lastKnownFileType = text.xcconfig; name = "kis-iOS_Config.xcconfig"; path = "kis iOS/kis-iOS_Config.xcconfig"; sourceTree = "<group>"; };
		7A0B75F12AF04FFA00CD2584 /* kisMath.cpp */ = {isa = PBXFileReference; lastKnownFileType = sourcecode.cpp.cpp; name = kisMath.cpp; path = src/private/kisMath.cpp; sourceTree = "<group>"; };
		7A0B75F32AF0502100CD2584 /* kisMath.h */ = {isa = PBXFileReference; lastKnownFileType = sourcecode.c.h; name = kisMath.h; path = src/public/kisCore/kisMath.h; sourceTree = "<group>"; };
		7A0B75F42AF3033D00CD2584 /* kisVkResources.h */ = {isa = PBXFileReference; lastKnownFileType = sourcecode.c.h; name = kisVkResources.h; path = src/private/kisVk/kisVkResources.h; sourceTree = "<group>"; };
		7A0B75F72AF3038E00CD2584 /* kisVkResources.cpp */ = {isa = PBXFileReference; lastKnownFileType = sourcecode.cpp.cpp; name = kisVkResources.cpp; path = src/private/kisVk/kisVkResources.cpp; sourceTree = "<group>"; };
		7A0B75F92AF303CF00CD2584 /* kisVkPrivate.h */ = {isa = PBXFileReference; lastKnownFileType = sourcecode.c.h; name = kisVkPrivate.h; path = src/private/kisVk/kisVkPrivate.h; sourceTree = "<group>"; };
		7A0B75FA2AF3040000CD2584 /* kisVkPrivate.cpp */ = {isa = PBXFileReference; lastKnownFileType = sourcecode.cpp.cpp; name = kisVkPrivate.cpp; path = src/private/kisVk/kisVkPrivate.cpp; sourceTree = "<group>"; };
		7A0B75FC2AF8DD9E00CD2584 /* kisArray.h */ = {isa = PBXFileReference; fileEncoding = 4; lastKnownFileType = sourcecode.c.h; name = kisArray.h; path = src/public/kisCore/kisArray.h; sourceTree = "<group>"; };
		7A0B75FD2AFAE2D300CD2584 /* kisStaticArray.h */ = {isa = PBXFileReference; fileEncoding = 4; lastKnownFileType = sourcecode.c.h; name = kisStaticArray.h; path = src/public/kisCore/kisStaticArray.h; sourceTree = "<group>"; };
		7A0B75FE2AFAE2D300CD2584 /* kisFixedArray.h */ = {isa = PBXFileReference; fileEncoding = 4; lastKnownFileType = sourcecode.c.h; name = kisFixedArray.h; path = src/public/kisCore/kisFixedArray.h; sourceTree = "<group>"; };
		7A0B75FF2AFCCC2800CD2584 /* kisTime.h */ = {isa = PBXFileReference; lastKnownFileType = sourcecode.c.h; name = kisTime.h; path = src/public/kisCore/kisTime.h; sourceTree = "<group>"; };
		7A0B76002AFCCC4B00CD2584 /* kisTime.cpp */ = {isa = PBXFileReference; lastKnownFileType = sourcecode.cpp.cpp; name = kisTime.cpp; path = src/private/kisTime.cpp; sourceTree = "<group>"; };
		7A36CA862B4B2E3C00A006D8 /* kisFixedHashMap.h */ = {isa = PBXFileReference; fileEncoding = 4; lastKnownFileType = sourcecode.c.h; name = kisFixedHashMap.h; path = src/public/kisCore/kisFixedHashMap.h; sourceTree = "<group>"; };
		7A36CA8B2B5C68A400A006D8 /* kisTest */ = {isa = PBXFileReference; explicitFileType = "compiled.mach-o.executable"; includeInIndex = 0; path = kisTest; sourceTree = BUILT_PRODUCTS_DIR; };
		7A36CA8D2B5C68A400A006D8 /* main.cpp */ = {isa = PBXFileReference; lastKnownFileType = sourcecode.cpp.cpp; path = main.cpp; sourceTree = "<group>"; };
		7A36CA952B5E621100A006D8 /* kisTestHashMap.cpp */ = {isa = PBXFileReference; lastKnownFileType = sourcecode.cpp.cpp; path = kisTestHashMap.cpp; sourceTree = "<group>"; };
		7A36CA972B679BA800A006D8 /* kisHash.h */ = {isa = PBXFileReference; lastKnownFileType = sourcecode.c.h; name = kisHash.h; path = src/public/kisCore/kisHash.h; sourceTree = "<group>"; };
		7A36CA982B679C2400A006D8 /* kisHash.cpp */ = {isa = PBXFileReference; lastKnownFileType = sourcecode.cpp.cpp; name = kisHash.cpp; path = src/private/kisHash.cpp; sourceTree = "<group>"; };
		7A36CA9C2B6B8D4500A006D8 /* kisFixedStack.h */ = {isa = PBXFileReference; lastKnownFileType = sourcecode.c.h; name = kisFixedStack.h; path = src/public/kisCore/kisFixedStack.h; sourceTree = "<group>"; };
		7A413D862DFEDC1C00E9A87F /* kisBuilder */ = {isa = PBXFileReference; explicitFileType = "compiled.mach-o.executable"; includeInIndex = 0; path = kisBuilder; sourceTree = BUILT_PRODUCTS_DIR; };
		7A452D5D2AE4000000700DCB /* Shaders.metal */ = {isa = PBXFileReference; lastKnownFileType = sourcecode.metal; path = Shaders.metal; sourceTree = "<group>"; };
		7A452D5F2AE4000000700DCB /* ShaderTypes.h */ = {isa = PBXFileReference; lastKnownFileType = sourcecode.c.h; path = ShaderTypes.h; sourceTree = "<group>"; };
		7A452D602AE4000200700DCB /* Assets.xcassets */ = {isa = PBXFileReference; lastKnownFileType = folder.assetcatalog; path = Assets.xcassets; sourceTree = "<group>"; };
		7A452D652AE4000200700DCB /* kis.app */ = {isa = PBXFileReference; explicitFileType = wrapper.application; includeInIndex = 0; path = kis.app; sourceTree = BUILT_PRODUCTS_DIR; };
		7A452D682AE4000200700DCB /* AppDelegate.swift */ = {isa = PBXFileReference; lastKnownFileType = sourcecode.swift; path = AppDelegate.swift; sourceTree = "<group>"; };
		7A452D6A2AE4000200700DCB /* GameViewController.swift */ = {isa = PBXFileReference; lastKnownFileType = sourcecode.swift; path = GameViewController.swift; sourceTree = "<group>"; };
		7A452D6D2AE4000200700DCB /* Base */ = {isa = PBXFileReference; lastKnownFileType = file.storyboard; name = Base; path = Base.lproj/Main.storyboard; sourceTree = "<group>"; };
		7A452D702AE4000200700DCB /* Base */ = {isa = PBXFileReference; lastKnownFileType = file.storyboard; name = Base; path = Base.lproj/LaunchScreen.storyboard; sourceTree = "<group>"; };
		7A452D762AE4000200700DCB /* kis.app */ = {isa = PBXFileReference; explicitFileType = wrapper.application; includeInIndex = 0; path = kis.app; sourceTree = BUILT_PRODUCTS_DIR; };
		7A452D782AE4000200700DCB /* AppDelegate.swift */ = {isa = PBXFileReference; lastKnownFileType = sourcecode.swift; path = AppDelegate.swift; sourceTree = "<group>"; };
		7A452D7A2AE4000200700DCB /* GameViewController.swift */ = {isa = PBXFileReference; lastKnownFileType = sourcecode.swift; path = GameViewController.swift; sourceTree = "<group>"; };
		7A452D7D2AE4000200700DCB /* Base */ = {isa = PBXFileReference; lastKnownFileType = file.storyboard; name = Base; path = Base.lproj/Main.storyboard; sourceTree = "<group>"; };
		7A452D7F2AE4000200700DCB /* kis_macOS.entitlements */ = {isa = PBXFileReference; lastKnownFileType = text.plist.entitlements; path = kis_macOS.entitlements; sourceTree = "<group>"; };
		7A452D942AE4002E00700DCB /* libkisCore_iOS.a */ = {isa = PBXFileReference; explicitFileType = archive.ar; includeInIndex = 0; path = libkisCore_iOS.a; sourceTree = BUILT_PRODUCTS_DIR; };
		7A452D9B2AE4007C00700DCB /* kisCore.cpp */ = {isa = PBXFileReference; fileEncoding = 4; lastKnownFileType = sourcecode.cpp.cpp; name = kisCore.cpp; path = src/private/kisCore.cpp; sourceTree = "<group>"; };
		7A452D9F2AE4008C00700DCB /* kisStringANSIStatic.h */ = {isa = PBXFileReference; fileEncoding = 4; lastKnownFileType = sourcecode.c.h; name = kisStringANSIStatic.h; path = src/public/kisCore/kisStringANSIStatic.h; sourceTree = "<group>"; };
		7A452DA12AE4008C00700DCB /* kisCore.h */ = {isa = PBXFileReference; fileEncoding = 4; lastKnownFileType = sourcecode.c.h; name = kisCore.h; path = src/public/kisCore/kisCore.h; sourceTree = "<group>"; };
		7A452DA72AE400FC00700DCB /* libkisGraphics_iOS.a */ = {isa = PBXFileReference; explicitFileType = archive.ar; includeInIndex = 0; path = libkisGraphics_iOS.a; sourceTree = BUILT_PRODUCTS_DIR; };
		7A452DC22AE42AA600700DCB /* libkisEngine_iOS.a */ = {isa = PBXFileReference; explicitFileType = archive.ar; includeInIndex = 0; path = libkisEngine_iOS.a; sourceTree = BUILT_PRODUCTS_DIR; };
		7A452DC92AE42AFE00700DCB /* engine.cpp */ = {isa = PBXFileReference; fileEncoding = 4; lastKnownFileType = sourcecode.cpp.cpp; name = engine.cpp; path = src/private/engine.cpp; sourceTree = "<group>"; };
		7A452DCC2AE42B1A00700DCB /* engine.h */ = {isa = PBXFileReference; fileEncoding = 4; lastKnownFileType = sourcecode.c.h; name = engine.h; path = src/public/kisEngine/engine.h; sourceTree = "<group>"; };
		7A452DCD2AE42DA700700DCB /* module.modulemap */ = {isa = PBXFileReference; fileEncoding = 4; lastKnownFileType = "sourcecode.module-map"; name = module.modulemap; path = src/public/module.modulemap; sourceTree = "<group>"; };
		7A452DDF2AE542AC00700DCB /* kisGraphics.cpp */ = {isa = PBXFileReference; fileEncoding = 4; lastKnownFileType = sourcecode.cpp.cpp; name = kisGraphics.cpp; path = src/private/kisGraphics.cpp; sourceTree = "<group>"; };
		7A452DE02AE542AC00700DCB /* kisGraphicsPrivate.h */ = {isa = PBXFileReference; fileEncoding = 4; lastKnownFileType = sourcecode.c.h; name = kisGraphicsPrivate.h; path = src/private/kisGraphicsPrivate.h; sourceTree = "<group>"; };
		7A452DE22AE542BF00700DCB /* kisGraphics.h */ = {isa = PBXFileReference; fileEncoding = 4; lastKnownFileType = sourcecode.c.h; name = kisGraphics.h; path = src/public/kisGraphics/kisGraphics.h; sourceTree = "<group>"; };
		7A452DE72AE5437C00700DCB /* kisVk.h */ = {isa = PBXFileReference; fileEncoding = 4; lastKnownFileType = sourcecode.c.h; name = kisVk.h; path = src/private/kisVk/kisVk.h; sourceTree = "<group>"; };
		7A452DE82AE5437C00700DCB /* kisVk.cpp */ = {isa = PBXFileReference; fileEncoding = 4; lastKnownFileType = sourcecode.cpp.cpp; name = kisVk.cpp; path = src/private/kisVk/kisVk.cpp; sourceTree = "<group>"; };
		7A452DEA2AE8532F00700DCB /* kisFile.h */ = {isa = PBXFileReference; lastKnownFileType = sourcecode.c.h; name = kisFile.h; path = src/public/kisCore/kisFile.h; sourceTree = "<group>"; };
		7A452DEB2AE8535600700DCB /* kisFile.cpp */ = {isa = PBXFileReference; lastKnownFileType = sourcecode.cpp.cpp; name = kisFile.cpp; path = src/private/kisFile.cpp; sourceTree = "<group>"; };
		7A452DED2AE854C100700DCB /* kisMem.h */ = {isa = PBXFileReference; lastKnownFileType = sourcecode.c.h; name = kisMem.h; path = src/public/kisCore/kisMem.h; sourceTree = "<group>"; };
		7A452DEE2AE854DC00700DCB /* kisMem.cpp */ = {isa = PBXFileReference; lastKnownFileType = sourcecode.cpp.cpp; name = kisMem.cpp; path = src/private/kisMem.cpp; sourceTree = "<group>"; };
		7A452DFE2AED285900700DCB /* Utilities.swift */ = {isa = PBXFileReference; lastKnownFileType = sourcecode.swift; path = Utilities.swift; sourceTree = "<group>"; };
		7A452E0A2AED443300700DCB /* data */ = {isa = PBXFileReference; lastKnownFileType = folder; path = data; sourceTree = "<group>"; };
		7A452E0D2AEE578100700DCB /* kisRenderer.swift */ = {isa = PBXFileReference; lastKnownFileType = sourcecode.swift; path = kisRenderer.swift; sourceTree = "<group>"; };
		7A45BEAC2B193CB1008C0242 /* kisEditorRenderer.swift */ = {isa = PBXFileReference; lastKnownFileType = sourcecode.swift; name = kisEditorRenderer.swift; path = "kis Editor macOS/kisEditorRenderer.swift"; sourceTree = SOURCE_ROOT; };
		7A45BEB72B25CC15008C0242 /* kisGraphicsShared.h */ = {isa = PBXFileReference; lastKnownFileType = sourcecode.c.h; name = kisGraphicsShared.h; path = src/public/kisGraphics/kisGraphicsShared.h; sourceTree = "<group>"; };
		7A45BEB82B25D287008C0242 /* kisBuffer.h */ = {isa = PBXFileReference; lastKnownFileType = sourcecode.c.h; name = kisBuffer.h; path = src/public/kisCore/kisBuffer.h; sourceTree = "<group>"; };
		7A45BEB92B25D29F008C0242 /* kisBuffer.cpp */ = {isa = PBXFileReference; lastKnownFileType = sourcecode.cpp.cpp; name = kisBuffer.cpp; path = src/private/kisBuffer.cpp; sourceTree = "<group>"; };
		7A45BEBB2B25E520008C0242 /* kisCoreShared.h */ = {isa = PBXFileReference; lastKnownFileType = sourcecode.c.h; name = kisCoreShared.h; path = src/public/kisCore/kisCoreShared.h; sourceTree = "<group>"; };
		7A45BEBC2B2E317C008C0242 /* AppDelegate.swift */ = {isa = PBXFileReference; lastKnownFileType = sourcecode.swift; path = AppDelegate.swift; sourceTree = "<group>"; };
		7A4E46E32DFFF6DD00F080FA /* kisThreading.h */ = {isa = PBXFileReference; lastKnownFileType = sourcecode.c.h; name = kisThreading.h; path = src/public/kisCore/kisThreading.h; sourceTree = "<group>"; };
		7A5ACE712BC5E2A0006FEC53 /* rpmalloc.c */ = {isa = PBXFileReference; fileEncoding = 4; lastKnownFileType = sourcecode.c.c; name = rpmalloc.c; path = external/rpmalloc/rpmalloc/rpmalloc.c; sourceTree = SOURCE_ROOT; };
		7A5ACE752BC5E2BF006FEC53 /* rpmalloc.h */ = {isa = PBXFileReference; fileEncoding = 4; lastKnownFileType = sourcecode.c.h; name = rpmalloc.h; path = external/rpmalloc/rpmalloc/rpmalloc.h; sourceTree = SOURCE_ROOT; };
		7A5ACE782BD42474006FEC53 /* kisFlagSet.h */ = {isa = PBXFileReference; lastKnownFileType = sourcecode.c.h; name = kisFlagSet.h; path = src/public/kisCore/kisFlagSet.h; sourceTree = "<group>"; };
		7A650F682E082B3300D9BA8D /* kisBuilder.cpp */ = {isa = PBXFileReference; lastKnownFileType = sourcecode.cpp.cpp; name = kisBuilder.cpp; path = src/private/kisBuilder.cpp; sourceTree = "<group>"; };
		7A650F6D2E082C7300D9BA8D /* kisClientServer.h */ = {isa = PBXFileReference; lastKnownFileType = sourcecode.c.h; name = kisClientServer.h; path = src/public/kisClientServer.h; sourceTree = "<group>"; };
		7A650F6E2E082DF800D9BA8D /* kisClient.cpp */ = {isa = PBXFileReference; lastKnownFileType = sourcecode.cpp.cpp; name = kisClient.cpp; path = src/private/kisClient.cpp; sourceTree = "<group>"; };
		7A650F702E082E0C00D9BA8D /* kisClient.h */ = {isa = PBXFileReference; lastKnownFileType = sourcecode.c.h; name = kisClient.h; path = src/public/kisClient.h; sourceTree = "<group>"; };
		7A650F712E082E7C00D9BA8D /* kisServer.cpp */ = {isa = PBXFileReference; lastKnownFileType = sourcecode.cpp.cpp; name = kisServer.cpp; path = src/private/kisServer.cpp; sourceTree = "<group>"; };
		7A650F732E082E8E00D9BA8D /* kisServer.h */ = {isa = PBXFileReference; lastKnownFileType = sourcecode.c.h; name = kisServer.h; path = src/private/kisServer.h; sourceTree = "<group>"; };
		7A650F742E08324900D9BA8D /* kisThreading.cpp */ = {isa = PBXFileReference; lastKnownFileType = sourcecode.cpp.cpp; name = kisThreading.cpp; path = src/private/interfaces/posix/kisThreading.cpp; sourceTree = "<group>"; };
		7A8BD5842B35F48E00A23795 /* libkisCore_macOS.a */ = {isa = PBXFileReference; explicitFileType = archive.ar; includeInIndex = 0; path = libkisCore_macOS.a; sourceTree = BUILT_PRODUCTS_DIR; };
		7A8BD5932B35F4C000A23795 /* libkisEngine_macOS.a */ = {isa = PBXFileReference; explicitFileType = archive.ar; includeInIndex = 0; path = libkisEngine_macOS.a; sourceTree = BUILT_PRODUCTS_DIR; };
		7A8BD5A22B35F51000A23795 /* libkisGraphics_macOS.a */ = {isa = PBXFileReference; explicitFileType = archive.ar; includeInIndex = 0; path = libkisGraphics_macOS.a; sourceTree = BUILT_PRODUCTS_DIR; };
		7AB3617E2B126DCE00DA31E4 /* kis Editor macOS.app */ = {isa = PBXFileReference; explicitFileType = wrapper.application; includeInIndex = 0; path = "kis Editor macOS.app"; sourceTree = BUILT_PRODUCTS_DIR; };
		7AB361942B12742100DA31E4 /* Main.storyboard */ = {isa = PBXFileReference; lastKnownFileType = file.storyboard; path = Main.storyboard; sourceTree = "<group>"; };
		7AB361962B12744800DA31E4 /* EditorViewController.swift */ = {isa = PBXFileReference; lastKnownFileType = sourcecode.swift; path = EditorViewController.swift; sourceTree = "<group>"; };
		7AB361AE2B16A56000DA31E4 /* libkisEditor.a */ = {isa = PBXFileReference; explicitFileType = archive.ar; includeInIndex = 0; path = libkisEditor.a; sourceTree = BUILT_PRODUCTS_DIR; };
		7AB361BA2B16A67000DA31E4 /* kisEditor.cpp */ = {isa = PBXFileReference; fileEncoding = 4; lastKnownFileType = sourcecode.cpp.cpp; name = kisEditor.cpp; path = src/private/kisEditor.cpp; sourceTree = "<group>"; };
		7AB361BC2B16A68200DA31E4 /* kisEditor.h */ = {isa = PBXFileReference; fileEncoding = 4; lastKnownFileType = sourcecode.c.h; name = kisEditor.h; path = src/public/kisEditor/kisEditor.h; sourceTree = "<group>"; };
		7AB361BD2B16A69000DA31E4 /* module.modulemap */ = {isa = PBXFileReference; fileEncoding = 4; lastKnownFileType = "sourcecode.module-map"; name = module.modulemap; path = src/public/module.modulemap; sourceTree = "<group>"; };
/* End PBXFileReference section */

/* Begin PBXFrameworksBuildPhase section */
		7A36CA882B5C68A400A006D8 /* Frameworks */ = {
			isa = PBXFrameworksBuildPhase;
			buildActionMask = 2147483647;
			files = (
				7A36CA922B5C6CF800A006D8 /* libkisCore_macOS.a in Frameworks */,
			);
			runOnlyForDeploymentPostprocessing = 0;
		};
		7A413D832DFEDC1C00E9A87F /* Frameworks */ = {
			isa = PBXFrameworksBuildPhase;
			buildActionMask = 2147483647;
			files = (
			);
			runOnlyForDeploymentPostprocessing = 0;
		};
		7A452D622AE4000200700DCB /* Frameworks */ = {
			isa = PBXFrameworksBuildPhase;
			buildActionMask = 2147483647;
			files = (
				7A452DD72AE431FF00700DCB /* libkisEngine_iOS.a in Frameworks */,
			);
			runOnlyForDeploymentPostprocessing = 0;
		};
		7A452D732AE4000200700DCB /* Frameworks */ = {
			isa = PBXFrameworksBuildPhase;
			buildActionMask = 2147483647;
			files = (
				7A8BD5A52B35F56200A23795 /* libkisEngine_macOS.a in Frameworks */,
			);
			runOnlyForDeploymentPostprocessing = 0;
		};
		7A452D912AE4002E00700DCB /* Frameworks */ = {
			isa = PBXFrameworksBuildPhase;
			buildActionMask = 2147483647;
			files = (
			);
			runOnlyForDeploymentPostprocessing = 0;
		};
		7A452DA42AE400FC00700DCB /* Frameworks */ = {
			isa = PBXFrameworksBuildPhase;
			buildActionMask = 2147483647;
			files = (
				7A452DD82AE4320D00700DCB /* libkisCore_iOS.a in Frameworks */,
			);
			runOnlyForDeploymentPostprocessing = 0;
		};
		7A452DBF2AE42AA600700DCB /* Frameworks */ = {
			isa = PBXFrameworksBuildPhase;
			buildActionMask = 2147483647;
			files = (
				7A452DDA2AE4321A00700DCB /* libkisGraphics_iOS.a in Frameworks */,
				7A452DD92AE4321400700DCB /* libkisCore_iOS.a in Frameworks */,
			);
			runOnlyForDeploymentPostprocessing = 0;
		};
		7A8BD57F2B35F48E00A23795 /* Frameworks */ = {
			isa = PBXFrameworksBuildPhase;
			buildActionMask = 2147483647;
			files = (
			);
			runOnlyForDeploymentPostprocessing = 0;
		};
		7A8BD58C2B35F4C000A23795 /* Frameworks */ = {
			isa = PBXFrameworksBuildPhase;
			buildActionMask = 2147483647;
			files = (
				7A8BD5AA2B35F58800A23795 /* libkisCore_macOS.a in Frameworks */,
				7A8BD5AB2B35F58C00A23795 /* libkisGraphics_macOS.a in Frameworks */,
			);
			runOnlyForDeploymentPostprocessing = 0;
		};
		7A8BD59C2B35F51000A23795 /* Frameworks */ = {
			isa = PBXFrameworksBuildPhase;
			buildActionMask = 2147483647;
			files = (
				7A8BD5AC2B35F5DA00A23795 /* libkisCore_macOS.a in Frameworks */,
			);
			runOnlyForDeploymentPostprocessing = 0;
		};
		7AB361742B126DCE00DA31E4 /* Frameworks */ = {
			isa = PBXFrameworksBuildPhase;
			buildActionMask = 2147483647;
			files = (
				7AB361BE2B17EE9600DA31E4 /* libkisEditor.a in Frameworks */,
			);
			runOnlyForDeploymentPostprocessing = 0;
		};
		7AB361A72B16A56000DA31E4 /* Frameworks */ = {
			isa = PBXFrameworksBuildPhase;
			buildActionMask = 2147483647;
			files = (
				7A36CA832B35F70B00A006D8 /* libkisCore_macOS.a in Frameworks */,
				7A36CA842B35F71200A006D8 /* libkisGraphics_macOS.a in Frameworks */,
			);
			runOnlyForDeploymentPostprocessing = 0;
		};
/* End PBXFrameworksBuildPhase section */

/* Begin PBXGroup section */
		7A36CA8C2B5C68A400A006D8 /* kisTest */ = {
			isa = PBXGroup;
			children = (
				7A36CA8D2B5C68A400A006D8 /* main.cpp */,
				7A36CA952B5E621100A006D8 /* kisTestHashMap.cpp */,
			);
			path = kisTest;
			sourceTree = "<group>";
		};
		7A452D572AE4000000700DCB = {
			isa = PBXGroup;
			children = (
				7A650F672E082AA000D9BA8D /* kisBuilder */,
				7AB361B12B16A5D300DA31E4 /* kisEditor */,
				7AB361692B126CCE00DA31E4 /* kis Editor macOS */,
				7A0B75F02AEF0AFA00CD2584 /* kis-iOS_Config.xcconfig */,
				7A452E0A2AED443300700DCB /* data */,
				7A452D5C2AE4000000700DCB /* kis Shared */,
				7A452D672AE4000200700DCB /* kis iOS */,
				7A452D772AE4000200700DCB /* kis macOS */,
				7A452D952AE4002E00700DCB /* kisCore */,
				7A452DA82AE400FC00700DCB /* kisGraphics */,
				7A452DC32AE42AA600700DCB /* kisEngine */,
				7A36CA8C2B5C68A400A006D8 /* kisTest */,
				7A452D662AE4000200700DCB /* Products */,
				7A452DD62AE431FF00700DCB /* Frameworks */,
			);
			sourceTree = "<group>";
		};
		7A452D5C2AE4000000700DCB /* kis Shared */ = {
			isa = PBXGroup;
			children = (
				7A452D5D2AE4000000700DCB /* Shaders.metal */,
				7A452D5F2AE4000000700DCB /* ShaderTypes.h */,
				7A452D602AE4000200700DCB /* Assets.xcassets */,
				7A452DFE2AED285900700DCB /* Utilities.swift */,
				7A452E0D2AEE578100700DCB /* kisRenderer.swift */,
			);
			path = "kis Shared";
			sourceTree = "<group>";
		};
		7A452D662AE4000200700DCB /* Products */ = {
			isa = PBXGroup;
			children = (
				7A452D652AE4000200700DCB /* kis.app */,
				7A452D762AE4000200700DCB /* kis.app */,
				7A452D942AE4002E00700DCB /* libkisCore_iOS.a */,
				7A452DA72AE400FC00700DCB /* libkisGraphics_iOS.a */,
				7A452DC22AE42AA600700DCB /* libkisEngine_iOS.a */,
				7AB3617E2B126DCE00DA31E4 /* kis Editor macOS.app */,
				7AB361AE2B16A56000DA31E4 /* libkisEditor.a */,
				7A8BD5842B35F48E00A23795 /* libkisCore_macOS.a */,
				7A8BD5932B35F4C000A23795 /* libkisEngine_macOS.a */,
				7A8BD5A22B35F51000A23795 /* libkisGraphics_macOS.a */,
				7A36CA8B2B5C68A400A006D8 /* kisTest */,
				7A413D862DFEDC1C00E9A87F /* kisBuilder */,
			);
			name = Products;
			sourceTree = "<group>";
		};
		7A452D672AE4000200700DCB /* kis iOS */ = {
			isa = PBXGroup;
			children = (
				7A452D682AE4000200700DCB /* AppDelegate.swift */,
				7A452D6A2AE4000200700DCB /* GameViewController.swift */,
				7A452D6C2AE4000200700DCB /* Main.storyboard */,
				7A452D6F2AE4000200700DCB /* LaunchScreen.storyboard */,
			);
			path = "kis iOS";
			sourceTree = "<group>";
		};
		7A452D772AE4000200700DCB /* kis macOS */ = {
			isa = PBXGroup;
			children = (
				7A452D782AE4000200700DCB /* AppDelegate.swift */,
				7A452D7A2AE4000200700DCB /* GameViewController.swift */,
				7A452D7C2AE4000200700DCB /* Main.storyboard */,
				7A452D7F2AE4000200700DCB /* kis_macOS.entitlements */,
			);
			path = "kis macOS";
			sourceTree = "<group>";
		};
		7A452D952AE4002E00700DCB /* kisCore */ = {
			isa = PBXGroup;
			children = (
				7A650F742E08324900D9BA8D /* kisThreading.cpp */,
				7A4E46E32DFFF6DD00F080FA /* kisThreading.h */,
				7A5ACE702BC5E242006FEC53 /* externals */,
				7A36CA862B4B2E3C00A006D8 /* kisFixedHashMap.h */,
				7A0B75FE2AFAE2D300CD2584 /* kisFixedArray.h */,
				7A0B75FD2AFAE2D300CD2584 /* kisStaticArray.h */,
				7A0B75FC2AF8DD9E00CD2584 /* kisArray.h */,
				7A452D9F2AE4008C00700DCB /* kisStringANSIStatic.h */,
				7A452DA12AE4008C00700DCB /* kisCore.h */,
				7A452D9B2AE4007C00700DCB /* kisCore.cpp */,
				7A452DEA2AE8532F00700DCB /* kisFile.h */,
				7A452DEB2AE8535600700DCB /* kisFile.cpp */,
				7A452DED2AE854C100700DCB /* kisMem.h */,
				7A452DEE2AE854DC00700DCB /* kisMem.cpp */,
				7A0B75F12AF04FFA00CD2584 /* kisMath.cpp */,
				7A0B75F32AF0502100CD2584 /* kisMath.h */,
				7A0B75FF2AFCCC2800CD2584 /* kisTime.h */,
				7A0B76002AFCCC4B00CD2584 /* kisTime.cpp */,
				7A45BEB82B25D287008C0242 /* kisBuffer.h */,
				7A45BEB92B25D29F008C0242 /* kisBuffer.cpp */,
				7A45BEBB2B25E520008C0242 /* kisCoreShared.h */,
				7A36CA972B679BA800A006D8 /* kisHash.h */,
				7A36CA982B679C2400A006D8 /* kisHash.cpp */,
				7A36CA9C2B6B8D4500A006D8 /* kisFixedStack.h */,
				7A5ACE782BD42474006FEC53 /* kisFlagSet.h */,
			);
			path = kisCore;
			sourceTree = "<group>";
		};
		7A452DA82AE400FC00700DCB /* kisGraphics */ = {
			isa = PBXGroup;
			children = (
				7A452DE32AE5431C00700DCB /* kisVk */,
				7A452DE22AE542BF00700DCB /* kisGraphics.h */,
				7A452DDF2AE542AC00700DCB /* kisGraphics.cpp */,
				7A452DE02AE542AC00700DCB /* kisGraphicsPrivate.h */,
				7A45BEB72B25CC15008C0242 /* kisGraphicsShared.h */,
			);
			path = kisGraphics;
			sourceTree = "<group>";
		};
		7A452DC32AE42AA600700DCB /* kisEngine */ = {
			isa = PBXGroup;
			children = (
				7A452DCD2AE42DA700700DCB /* module.modulemap */,
				7A452DCC2AE42B1A00700DCB /* engine.h */,
				7A452DC92AE42AFE00700DCB /* engine.cpp */,
			);
			path = kisEngine;
			sourceTree = "<group>";
		};
		7A452DD62AE431FF00700DCB /* Frameworks */ = {
			isa = PBXGroup;
			children = (
			);
			name = Frameworks;
			sourceTree = "<group>";
		};
		7A452DE32AE5431C00700DCB /* kisVk */ = {
			isa = PBXGroup;
			children = (
				7A452DE82AE5437C00700DCB /* kisVk.cpp */,
				7A452DE72AE5437C00700DCB /* kisVk.h */,
				7A0B75F42AF3033D00CD2584 /* kisVkResources.h */,
				7A0B75F72AF3038E00CD2584 /* kisVkResources.cpp */,
				7A0B75F92AF303CF00CD2584 /* kisVkPrivate.h */,
				7A0B75FA2AF3040000CD2584 /* kisVkPrivate.cpp */,
			);
			name = kisVk;
			sourceTree = "<group>";
		};
		7A5ACE702BC5E242006FEC53 /* externals */ = {
			isa = PBXGroup;
			children = (
				7A5ACE752BC5E2BF006FEC53 /* rpmalloc.h */,
				7A5ACE712BC5E2A0006FEC53 /* rpmalloc.c */,
			);
			name = externals;
			sourceTree = "<group>";
		};
		7A650F672E082AA000D9BA8D /* kisBuilder */ = {
			isa = PBXGroup;
			children = (
				7A650F732E082E8E00D9BA8D /* kisServer.h */,
				7A650F712E082E7C00D9BA8D /* kisServer.cpp */,
				7A650F702E082E0C00D9BA8D /* kisClient.h */,
				7A650F6E2E082DF800D9BA8D /* kisClient.cpp */,
				7A650F6D2E082C7300D9BA8D /* kisClientServer.h */,
				7A650F682E082B3300D9BA8D /* kisBuilder.cpp */,
			);
			path = kisBuilder;
			sourceTree = "<group>";
		};
		7AB361692B126CCE00DA31E4 /* kis Editor macOS */ = {
			isa = PBXGroup;
			children = (
				7A45BEAC2B193CB1008C0242 /* kisEditorRenderer.swift */,
				7AB361942B12742100DA31E4 /* Main.storyboard */,
				7AB361962B12744800DA31E4 /* EditorViewController.swift */,
				7A45BEBC2B2E317C008C0242 /* AppDelegate.swift */,
			);
			path = "kis Editor macOS";
			sourceTree = "<group>";
		};
		7AB361B12B16A5D300DA31E4 /* kisEditor */ = {
			isa = PBXGroup;
			children = (
				7AB361BD2B16A69000DA31E4 /* module.modulemap */,
				7AB361BC2B16A68200DA31E4 /* kisEditor.h */,
				7AB361BA2B16A67000DA31E4 /* kisEditor.cpp */,
			);
			path = kisEditor;
			sourceTree = "<group>";
		};
/* End PBXGroup section */

/* Begin PBXNativeTarget section */
		7A36CA8A2B5C68A400A006D8 /* kisTest */ = {
			isa = PBXNativeTarget;
			buildConfigurationList = 7A36CA912B5C68A400A006D8 /* Build configuration list for PBXNativeTarget "kisTest" */;
			buildPhases = (
				7A36CA872B5C68A400A006D8 /* Sources */,
				7A36CA882B5C68A400A006D8 /* Frameworks */,
				7A36CA892B5C68A400A006D8 /* CopyFiles */,
			);
			buildRules = (
			);
			dependencies = (
				7A36CA942B5C6D0800A006D8 /* PBXTargetDependency */,
			);
			name = kisTest;
			productName = kisTest;
			productReference = 7A36CA8B2B5C68A400A006D8 /* kisTest */;
			productType = "com.apple.product-type.tool";
		};
		7A413D852DFEDC1C00E9A87F /* kisBuilder */ = {
			isa = PBXNativeTarget;
			buildConfigurationList = 7A413D8C2DFEDC1C00E9A87F /* Build configuration list for PBXNativeTarget "kisBuilder" */;
			buildPhases = (
				7A413D822DFEDC1C00E9A87F /* Sources */,
				7A413D832DFEDC1C00E9A87F /* Frameworks */,
				7A413D842DFEDC1C00E9A87F /* CopyFiles */,
			);
			buildRules = (
			);
			dependencies = (
			);
			name = kisBuilder;
			packageProductDependencies = (
			);
			productName = kisBuilder;
			productReference = 7A413D862DFEDC1C00E9A87F /* kisBuilder */;
			productType = "com.apple.product-type.tool";
		};
		7A452D642AE4000200700DCB /* kis iOS */ = {
			isa = PBXNativeTarget;
			buildConfigurationList = 7A452D8A2AE4000200700DCB /* Build configuration list for PBXNativeTarget "kis iOS" */;
			buildPhases = (
				7A452D612AE4000200700DCB /* Sources */,
				7A452D622AE4000200700DCB /* Frameworks */,
				7A452D632AE4000200700DCB /* Resources */,
			);
			buildRules = (
			);
			dependencies = (
				7A452DD52AE430D900700DCB /* PBXTargetDependency */,
			);
			name = "kis iOS";
			productName = "kis iOS";
			productReference = 7A452D652AE4000200700DCB /* kis.app */;
			productType = "com.apple.product-type.application";
		};
		7A452D752AE4000200700DCB /* kis macOS */ = {
			isa = PBXNativeTarget;
			buildConfigurationList = 7A452D8D2AE4000200700DCB /* Build configuration list for PBXNativeTarget "kis macOS" */;
			buildPhases = (
				7A452D722AE4000200700DCB /* Sources */,
				7A452D732AE4000200700DCB /* Frameworks */,
				7A452D742AE4000200700DCB /* Resources */,
			);
			buildRules = (
			);
			dependencies = (
				7A8BD5A42B35F55500A23795 /* PBXTargetDependency */,
			);
			name = "kis macOS";
			productName = "kis macOS";
			productReference = 7A452D762AE4000200700DCB /* kis.app */;
			productType = "com.apple.product-type.application";
		};
		7A452D932AE4002E00700DCB /* kisCore_iOS */ = {
			isa = PBXNativeTarget;
			buildConfigurationList = 7A452D982AE4002E00700DCB /* Build configuration list for PBXNativeTarget "kisCore_iOS" */;
			buildPhases = (
				7A452D902AE4002E00700DCB /* Sources */,
				7A452D912AE4002E00700DCB /* Frameworks */,
				7A452D922AE4002E00700DCB /* CopyFiles */,
			);
			buildRules = (
			);
			dependencies = (
			);
			name = kisCore_iOS;
			productName = kisCore;
			productReference = 7A452D942AE4002E00700DCB /* libkisCore_iOS.a */;
			productType = "com.apple.product-type.library.static";
		};
		7A452DA62AE400FC00700DCB /* kisGraphics_iOS */ = {
			isa = PBXNativeTarget;
			buildConfigurationList = 7A452DAB2AE400FC00700DCB /* Build configuration list for PBXNativeTarget "kisGraphics_iOS" */;
			buildPhases = (
				7A452DA32AE400FC00700DCB /* Sources */,
				7A452DA42AE400FC00700DCB /* Frameworks */,
				7A452DA52AE400FC00700DCB /* CopyFiles */,
			);
			buildRules = (
			);
			dependencies = (
				7A452DCF2AE430B200700DCB /* PBXTargetDependency */,
			);
			name = kisGraphics_iOS;
			productName = kisGraphics;
			productReference = 7A452DA72AE400FC00700DCB /* libkisGraphics_iOS.a */;
			productType = "com.apple.product-type.library.static";
		};
		7A452DC12AE42AA600700DCB /* kisEngine_iOS */ = {
			isa = PBXNativeTarget;
			buildConfigurationList = 7A452DC62AE42AA600700DCB /* Build configuration list for PBXNativeTarget "kisEngine_iOS" */;
			buildPhases = (
				7A452DBE2AE42AA600700DCB /* Sources */,
				7A452DBF2AE42AA600700DCB /* Frameworks */,
				7A452DC02AE42AA600700DCB /* CopyFiles */,
			);
			buildRules = (
			);
			dependencies = (
				7A452DD12AE430CA00700DCB /* PBXTargetDependency */,
				7A452DD32AE430CA00700DCB /* PBXTargetDependency */,
			);
			name = kisEngine_iOS;
			productName = kisEngine;
			productReference = 7A452DC22AE42AA600700DCB /* libkisEngine_iOS.a */;
			productType = "com.apple.product-type.library.static";
		};
		7A8BD5772B35F48E00A23795 /* kisCore_macOS */ = {
			isa = PBXNativeTarget;
			buildConfigurationList = 7A8BD5812B35F48E00A23795 /* Build configuration list for PBXNativeTarget "kisCore_macOS" */;
			buildPhases = (
				7A8BD5782B35F48E00A23795 /* Sources */,
				7A8BD57F2B35F48E00A23795 /* Frameworks */,
				7A8BD5802B35F48E00A23795 /* CopyFiles */,
			);
			buildRules = (
			);
			dependencies = (
			);
			name = kisCore_macOS;
			productName = kisCore;
			productReference = 7A8BD5842B35F48E00A23795 /* libkisCore_macOS.a */;
			productType = "com.apple.product-type.library.static";
		};
		7A8BD5852B35F4C000A23795 /* kisEngine_macOS */ = {
			isa = PBXNativeTarget;
			buildConfigurationList = 7A8BD5902B35F4C000A23795 /* Build configuration list for PBXNativeTarget "kisEngine_macOS" */;
			buildPhases = (
				7A8BD58A2B35F4C000A23795 /* Sources */,
				7A8BD58C2B35F4C000A23795 /* Frameworks */,
				7A8BD58F2B35F4C000A23795 /* CopyFiles */,
			);
			buildRules = (
			);
			dependencies = (
				7A8BD5A92B35F58000A23795 /* PBXTargetDependency */,
				7A8BD5A72B35F57800A23795 /* PBXTargetDependency */,
			);
			name = kisEngine_macOS;
			productName = kisEngine;
			productReference = 7A8BD5932B35F4C000A23795 /* libkisEngine_macOS.a */;
			productType = "com.apple.product-type.library.static";
		};
		7A8BD5942B35F51000A23795 /* kisGraphics_macOS */ = {
			isa = PBXNativeTarget;
			buildConfigurationList = 7A8BD59F2B35F51000A23795 /* Build configuration list for PBXNativeTarget "kisGraphics_macOS" */;
			buildPhases = (
				7A8BD5972B35F51000A23795 /* Sources */,
				7A8BD59C2B35F51000A23795 /* Frameworks */,
				7A8BD59E2B35F51000A23795 /* CopyFiles */,
			);
			buildRules = (
			);
			dependencies = (
				7A8BD5AE2B35F5E000A23795 /* PBXTargetDependency */,
			);
			name = kisGraphics_macOS;
			productName = kisGraphics;
			productReference = 7A8BD5A22B35F51000A23795 /* libkisGraphics_macOS.a */;
			productType = "com.apple.product-type.library.static";
		};
		7AB3616A2B126DCE00DA31E4 /* kis Editor macOS */ = {
			isa = PBXNativeTarget;
			buildConfigurationList = 7AB3617B2B126DCE00DA31E4 /* Build configuration list for PBXNativeTarget "kis Editor macOS" */;
			buildPhases = (
				7AB3616D2B126DCE00DA31E4 /* Sources */,
				7AB361742B126DCE00DA31E4 /* Frameworks */,
				7AB361762B126DCE00DA31E4 /* Resources */,
			);
			buildRules = (
			);
			dependencies = (
				7A45BEB02B193F08008C0242 /* PBXTargetDependency */,
			);
			name = "kis Editor macOS";
			productName = "kis macOS";
			productReference = 7AB3617E2B126DCE00DA31E4 /* kis Editor macOS.app */;
			productType = "com.apple.product-type.application";
		};
		7AB361A02B16A56000DA31E4 /* kisEditor */ = {
			isa = PBXNativeTarget;
			buildConfigurationList = 7AB361AB2B16A56000DA31E4 /* Build configuration list for PBXNativeTarget "kisEditor" */;
			buildPhases = (
				7AB361A52B16A56000DA31E4 /* Sources */,
				7AB361A72B16A56000DA31E4 /* Frameworks */,
				7AB361AA2B16A56000DA31E4 /* CopyFiles */,
			);
			buildRules = (
			);
			dependencies = (
				7A36CA802B35F6FB00A006D8 /* PBXTargetDependency */,
				7A36CA822B35F70300A006D8 /* PBXTargetDependency */,
			);
			name = kisEditor;
			productName = kisEngine;
			productReference = 7AB361AE2B16A56000DA31E4 /* libkisEditor.a */;
			productType = "com.apple.product-type.library.static";
		};
/* End PBXNativeTarget section */

/* Begin PBXProject section */
		7A452D582AE4000000700DCB /* Project object */ = {
			isa = PBXProject;
			attributes = {
				BuildIndependentTargetsInParallel = 1;
				LastSwiftUpdateCheck = 1430;
				LastUpgradeCheck = 1630;
				TargetAttributes = {
					7A36CA8A2B5C68A400A006D8 = {
						CreatedOnToolsVersion = 14.3;
					};
					7A413D852DFEDC1C00E9A87F = {
						CreatedOnToolsVersion = 16.3;
					};
					7A452D642AE4000200700DCB = {
						CreatedOnToolsVersion = 14.3;
					};
					7A452D752AE4000200700DCB = {
						CreatedOnToolsVersion = 14.3;
					};
					7A452D932AE4002E00700DCB = {
						CreatedOnToolsVersion = 14.3;
						LastSwiftMigration = 1430;
					};
					7A452DA62AE400FC00700DCB = {
						CreatedOnToolsVersion = 14.3;
					};
					7A452DC12AE42AA600700DCB = {
						CreatedOnToolsVersion = 14.3;
					};
				};
			};
			buildConfigurationList = 7A452D5B2AE4000000700DCB /* Build configuration list for PBXProject "kis" */;
			compatibilityVersion = "Xcode 14.0";
			developmentRegion = en;
			hasScannedForEncodings = 0;
			knownRegions = (
				en,
				Base,
			);
			mainGroup = 7A452D572AE4000000700DCB;
			productRefGroup = 7A452D662AE4000200700DCB /* Products */;
			projectDirPath = "";
			projectRoot = "";
			targets = (
				7A452D642AE4000200700DCB /* kis iOS */,
				7A452D752AE4000200700DCB /* kis macOS */,
				7A452D932AE4002E00700DCB /* kisCore_iOS */,
				7A452DA62AE400FC00700DCB /* kisGraphics_iOS */,
				7A452DC12AE42AA600700DCB /* kisEngine_iOS */,
				7AB3616A2B126DCE00DA31E4 /* kis Editor macOS */,
				7AB361A02B16A56000DA31E4 /* kisEditor */,
				7A8BD5772B35F48E00A23795 /* kisCore_macOS */,
				7A8BD5852B35F4C000A23795 /* kisEngine_macOS */,
				7A8BD5942B35F51000A23795 /* kisGraphics_macOS */,
				7A36CA8A2B5C68A400A006D8 /* kisTest */,
				7A413D852DFEDC1C00E9A87F /* kisBuilder */,
			);
		};
/* End PBXProject section */

/* Begin PBXResourcesBuildPhase section */
		7A452D632AE4000200700DCB /* Resources */ = {
			isa = PBXResourcesBuildPhase;
			buildActionMask = 2147483647;
			files = (
				7A452D842AE4000200700DCB /* ShaderTypes.h in Resources */,
				7A452D6E2AE4000200700DCB /* Main.storyboard in Resources */,
				7A452D862AE4000200700DCB /* Assets.xcassets in Resources */,
				7A452D712AE4000200700DCB /* LaunchScreen.storyboard in Resources */,
				7A452E0B2AED443300700DCB /* data in Resources */,
			);
			runOnlyForDeploymentPostprocessing = 0;
		};
		7A452D742AE4000200700DCB /* Resources */ = {
			isa = PBXResourcesBuildPhase;
			buildActionMask = 2147483647;
			files = (
				7A452D7E2AE4000200700DCB /* Main.storyboard in Resources */,
				7A452D872AE4000200700DCB /* Assets.xcassets in Resources */,
				7A452E0C2AED443300700DCB /* data in Resources */,
				7A452D852AE4000200700DCB /* ShaderTypes.h in Resources */,
			);
			runOnlyForDeploymentPostprocessing = 0;
		};
		7AB361762B126DCE00DA31E4 /* Resources */ = {
			isa = PBXResourcesBuildPhase;
			buildActionMask = 2147483647;
			files = (
				7AB361792B126DCE00DA31E4 /* data in Resources */,
				7AB361952B12742100DA31E4 /* Main.storyboard in Resources */,
			);
			runOnlyForDeploymentPostprocessing = 0;
		};
/* End PBXResourcesBuildPhase section */

/* Begin PBXSourcesBuildPhase section */
		7A36CA872B5C68A400A006D8 /* Sources */ = {
			isa = PBXSourcesBuildPhase;
			buildActionMask = 2147483647;
			files = (
				7A36CA962B5E621100A006D8 /* kisTestHashMap.cpp in Sources */,
				7A36CA8E2B5C68A400A006D8 /* main.cpp in Sources */,
				7A36CA9B2B679C2500A006D8 /* kisHash.cpp in Sources */,
			);
			runOnlyForDeploymentPostprocessing = 0;
		};
		7A413D822DFEDC1C00E9A87F /* Sources */ = {
			isa = PBXSourcesBuildPhase;
			buildActionMask = 2147483647;
			files = (
				7A650F6F2E082DF800D9BA8D /* kisClient.cpp in Sources */,
				7A650F722E082E7C00D9BA8D /* kisServer.cpp in Sources */,
				7A650F692E082B3300D9BA8D /* kisBuilder.cpp in Sources */,
			);
			runOnlyForDeploymentPostprocessing = 0;
		};
		7A452D612AE4000200700DCB /* Sources */ = {
			isa = PBXSourcesBuildPhase;
			buildActionMask = 2147483647;
			files = (
				7A452D802AE4000200700DCB /* Shaders.metal in Sources */,
				7A5ACE722BC5E2A0006FEC53 /* rpmalloc.c in Sources */,
				7A452D6B2AE4000200700DCB /* GameViewController.swift in Sources */,
				7A452DFF2AED285900700DCB /* Utilities.swift in Sources */,
				7A452E0E2AEE578100700DCB /* kisRenderer.swift in Sources */,
				7A452D692AE4000200700DCB /* AppDelegate.swift in Sources */,
			);
			runOnlyForDeploymentPostprocessing = 0;
		};
		7A452D722AE4000200700DCB /* Sources */ = {
			isa = PBXSourcesBuildPhase;
			buildActionMask = 2147483647;
			files = (
				7A452D812AE4000200700DCB /* Shaders.metal in Sources */,
				7A452D7B2AE4000200700DCB /* GameViewController.swift in Sources */,
				7A452E002AED285900700DCB /* Utilities.swift in Sources */,
				7A452E0F2AEE578200700DCB /* kisRenderer.swift in Sources */,
				7A452D792AE4000200700DCB /* AppDelegate.swift in Sources */,
			);
			runOnlyForDeploymentPostprocessing = 0;
		};
		7A452D902AE4002E00700DCB /* Sources */ = {
			isa = PBXSourcesBuildPhase;
			buildActionMask = 2147483647;
			files = (
				7A650F752E08324900D9BA8D /* kisThreading.cpp in Sources */,
				7A0B76012AFCCC4B00CD2584 /* kisTime.cpp in Sources */,
				7A452DEF2AE854DC00700DCB /* kisMem.cpp in Sources */,
				7A452D9D2AE4007C00700DCB /* kisCore.cpp in Sources */,
				7A36CA992B679C2500A006D8 /* kisHash.cpp in Sources */,
				7A45BEBA2B25D29F008C0242 /* kisBuffer.cpp in Sources */,
				7A5ACE732BC5E2A0006FEC53 /* rpmalloc.c in Sources */,
				7A452DEC2AE8535600700DCB /* kisFile.cpp in Sources */,
				7A0B75F22AF04FFA00CD2584 /* kisMath.cpp in Sources */,
			);
			runOnlyForDeploymentPostprocessing = 0;
		};
		7A452DA32AE400FC00700DCB /* Sources */ = {
			isa = PBXSourcesBuildPhase;
			buildActionMask = 2147483647;
			files = (
				7A0B75FB2AF3040000CD2584 /* kisVkPrivate.cpp in Sources */,
				7A452DE92AE5437C00700DCB /* kisVk.cpp in Sources */,
				7A452DE12AE542AC00700DCB /* kisGraphics.cpp in Sources */,
				7A0B75F82AF3038E00CD2584 /* kisVkResources.cpp in Sources */,
			);
			runOnlyForDeploymentPostprocessing = 0;
		};
		7A452DBE2AE42AA600700DCB /* Sources */ = {
			isa = PBXSourcesBuildPhase;
			buildActionMask = 2147483647;
			files = (
				7A452DCA2AE42AFE00700DCB /* engine.cpp in Sources */,
			);
			runOnlyForDeploymentPostprocessing = 0;
		};
		7A8BD5782B35F48E00A23795 /* Sources */ = {
			isa = PBXSourcesBuildPhase;
			buildActionMask = 2147483647;
			files = (
				7A650F762E08324900D9BA8D /* kisThreading.cpp in Sources */,
				7A8BD5792B35F48E00A23795 /* kisTime.cpp in Sources */,
				7A8BD57A2B35F48E00A23795 /* kisMem.cpp in Sources */,
				7A8BD57B2B35F48E00A23795 /* kisCore.cpp in Sources */,
				7A36CA9A2B679C2500A006D8 /* kisHash.cpp in Sources */,
				7A8BD57C2B35F48E00A23795 /* kisBuffer.cpp in Sources */,
				7A5ACE742BC5E2A0006FEC53 /* rpmalloc.c in Sources */,
				7A8BD57D2B35F48E00A23795 /* kisFile.cpp in Sources */,
				7A8BD57E2B35F48E00A23795 /* kisMath.cpp in Sources */,
			);
			runOnlyForDeploymentPostprocessing = 0;
		};
		7A8BD58A2B35F4C000A23795 /* Sources */ = {
			isa = PBXSourcesBuildPhase;
			buildActionMask = 2147483647;
			files = (
				7A8BD58B2B35F4C000A23795 /* engine.cpp in Sources */,
			);
			runOnlyForDeploymentPostprocessing = 0;
		};
		7A8BD5972B35F51000A23795 /* Sources */ = {
			isa = PBXSourcesBuildPhase;
			buildActionMask = 2147483647;
			files = (
				7A8BD5982B35F51000A23795 /* kisVkPrivate.cpp in Sources */,
				7A8BD5992B35F51000A23795 /* kisVk.cpp in Sources */,
				7A8BD59A2B35F51000A23795 /* kisGraphics.cpp in Sources */,
				7A8BD59B2B35F51000A23795 /* kisVkResources.cpp in Sources */,
			);
			runOnlyForDeploymentPostprocessing = 0;
		};
		7AB3616D2B126DCE00DA31E4 /* Sources */ = {
			isa = PBXSourcesBuildPhase;
			buildActionMask = 2147483647;
			files = (
				7A45BEAE2B193D6F008C0242 /* Utilities.swift in Sources */,
				7AB361972B12744800DA31E4 /* EditorViewController.swift in Sources */,
				7A45BEBD2B2E317C008C0242 /* AppDelegate.swift in Sources */,
				7A45BEAD2B193CB1008C0242 /* kisEditorRenderer.swift in Sources */,
			);
			runOnlyForDeploymentPostprocessing = 0;
		};
		7AB361A52B16A56000DA31E4 /* Sources */ = {
			isa = PBXSourcesBuildPhase;
			buildActionMask = 2147483647;
			files = (
				7AB361BB2B16A67000DA31E4 /* kisEditor.cpp in Sources */,
			);
			runOnlyForDeploymentPostprocessing = 0;
		};
/* End PBXSourcesBuildPhase section */

/* Begin PBXTargetDependency section */
		7A36CA802B35F6FB00A006D8 /* PBXTargetDependency */ = {
			isa = PBXTargetDependency;
			target = 7A8BD5772B35F48E00A23795 /* kisCore_macOS */;
			targetProxy = 7A36CA7F2B35F6FB00A006D8 /* PBXContainerItemProxy */;
		};
		7A36CA822B35F70300A006D8 /* PBXTargetDependency */ = {
			isa = PBXTargetDependency;
			target = 7A8BD5942B35F51000A23795 /* kisGraphics_macOS */;
			targetProxy = 7A36CA812B35F70300A006D8 /* PBXContainerItemProxy */;
		};
		7A36CA942B5C6D0800A006D8 /* PBXTargetDependency */ = {
			isa = PBXTargetDependency;
			target = 7A8BD5772B35F48E00A23795 /* kisCore_macOS */;
			targetProxy = 7A36CA932B5C6D0800A006D8 /* PBXContainerItemProxy */;
		};
		7A452DCF2AE430B200700DCB /* PBXTargetDependency */ = {
			isa = PBXTargetDependency;
			target = 7A452D932AE4002E00700DCB /* kisCore_iOS */;
			targetProxy = 7A452DCE2AE430B200700DCB /* PBXContainerItemProxy */;
		};
		7A452DD12AE430CA00700DCB /* PBXTargetDependency */ = {
			isa = PBXTargetDependency;
			target = 7A452D932AE4002E00700DCB /* kisCore_iOS */;
			targetProxy = 7A452DD02AE430CA00700DCB /* PBXContainerItemProxy */;
		};
		7A452DD32AE430CA00700DCB /* PBXTargetDependency */ = {
			isa = PBXTargetDependency;
			target = 7A452DA62AE400FC00700DCB /* kisGraphics_iOS */;
			targetProxy = 7A452DD22AE430CA00700DCB /* PBXContainerItemProxy */;
		};
		7A452DD52AE430D900700DCB /* PBXTargetDependency */ = {
			isa = PBXTargetDependency;
			target = 7A452DC12AE42AA600700DCB /* kisEngine_iOS */;
			targetProxy = 7A452DD42AE430D900700DCB /* PBXContainerItemProxy */;
		};
		7A45BEB02B193F08008C0242 /* PBXTargetDependency */ = {
			isa = PBXTargetDependency;
			target = 7AB361A02B16A56000DA31E4 /* kisEditor */;
			targetProxy = 7A45BEAF2B193F08008C0242 /* PBXContainerItemProxy */;
		};
		7A8BD5A42B35F55500A23795 /* PBXTargetDependency */ = {
			isa = PBXTargetDependency;
			target = 7A8BD5852B35F4C000A23795 /* kisEngine_macOS */;
			targetProxy = 7A8BD5A32B35F55500A23795 /* PBXContainerItemProxy */;
		};
		7A8BD5A72B35F57800A23795 /* PBXTargetDependency */ = {
			isa = PBXTargetDependency;
			target = 7A8BD5942B35F51000A23795 /* kisGraphics_macOS */;
			targetProxy = 7A8BD5A62B35F57800A23795 /* PBXContainerItemProxy */;
		};
		7A8BD5A92B35F58000A23795 /* PBXTargetDependency */ = {
			isa = PBXTargetDependency;
			target = 7A8BD5772B35F48E00A23795 /* kisCore_macOS */;
			targetProxy = 7A8BD5A82B35F58000A23795 /* PBXContainerItemProxy */;
		};
		7A8BD5AE2B35F5E000A23795 /* PBXTargetDependency */ = {
			isa = PBXTargetDependency;
			target = 7A8BD5772B35F48E00A23795 /* kisCore_macOS */;
			targetProxy = 7A8BD5AD2B35F5E000A23795 /* PBXContainerItemProxy */;
		};
/* End PBXTargetDependency section */

/* Begin PBXVariantGroup section */
		7A452D6C2AE4000200700DCB /* Main.storyboard */ = {
			isa = PBXVariantGroup;
			children = (
				7A452D6D2AE4000200700DCB /* Base */,
			);
			name = Main.storyboard;
			sourceTree = "<group>";
		};
		7A452D6F2AE4000200700DCB /* LaunchScreen.storyboard */ = {
			isa = PBXVariantGroup;
			children = (
				7A452D702AE4000200700DCB /* Base */,
			);
			name = LaunchScreen.storyboard;
			sourceTree = "<group>";
		};
		7A452D7C2AE4000200700DCB /* Main.storyboard */ = {
			isa = PBXVariantGroup;
			children = (
				7A452D7D2AE4000200700DCB /* Base */,
			);
			name = Main.storyboard;
			sourceTree = "<group>";
		};
/* End PBXVariantGroup section */

/* Begin XCBuildConfiguration section */
		7A36CA8F2B5C68A400A006D8 /* Debug */ = {
			isa = XCBuildConfiguration;
			buildSettings = {
				CODE_SIGN_STYLE = Automatic;
				DEAD_CODE_STRIPPING = YES;
				ENABLE_HARDENED_RUNTIME = YES;
				HEADER_SEARCH_PATHS = (
					kisCore/src/public,
					external/glm,
				);
				MACOSX_DEPLOYMENT_TARGET = 13.3;
				PRODUCT_NAME = "$(TARGET_NAME)";
				SDKROOT = macosx;
			};
			name = Debug;
		};
		7A36CA902B5C68A400A006D8 /* Release */ = {
			isa = XCBuildConfiguration;
			buildSettings = {
				CODE_SIGN_STYLE = Automatic;
				DEAD_CODE_STRIPPING = YES;
				ENABLE_HARDENED_RUNTIME = YES;
				HEADER_SEARCH_PATHS = (
					kisCore/src/public,
					external/glm,
				);
				MACOSX_DEPLOYMENT_TARGET = 13.3;
				PRODUCT_NAME = "$(TARGET_NAME)";
				SDKROOT = macosx;
			};
			name = Release;
		};
		7A413D8A2DFEDC1C00E9A87F /* Debug */ = {
			isa = XCBuildConfiguration;
			buildSettings = {
				ASSETCATALOG_COMPILER_GENERATE_SWIFT_ASSET_SYMBOL_EXTENSIONS = YES;
				CODE_SIGN_STYLE = Automatic;
				DEAD_CODE_STRIPPING = YES;
				ENABLE_HARDENED_RUNTIME = YES;
				ENABLE_USER_SCRIPT_SANDBOXING = YES;
				GCC_C_LANGUAGE_STANDARD = gnu17;
				HEADER_SEARCH_PATHS = (
					external/glm,
					external/nng/include,
				);
				LOCALIZATION_PREFERS_STRING_CATALOGS = YES;
				MACOSX_DEPLOYMENT_TARGET = 15.4;
				OTHER_LDFLAGS = external/nng/build/macOS/libnng.a;
				PRODUCT_NAME = "$(TARGET_NAME)";
				SDKROOT = macosx;
			};
			name = Debug;
		};
		7A413D8B2DFEDC1C00E9A87F /* Release */ = {
			isa = XCBuildConfiguration;
			buildSettings = {
				ASSETCATALOG_COMPILER_GENERATE_SWIFT_ASSET_SYMBOL_EXTENSIONS = YES;
				CODE_SIGN_STYLE = Automatic;
				DEAD_CODE_STRIPPING = YES;
				ENABLE_HARDENED_RUNTIME = YES;
				ENABLE_USER_SCRIPT_SANDBOXING = YES;
				GCC_C_LANGUAGE_STANDARD = gnu17;
				HEADER_SEARCH_PATHS = (
					external/glm,
					external/nng/include,
				);
				LOCALIZATION_PREFERS_STRING_CATALOGS = YES;
				MACOSX_DEPLOYMENT_TARGET = 15.4;
				OTHER_LDFLAGS = external/nng/build/macOS/libnng.a;
				PRODUCT_NAME = "$(TARGET_NAME)";
				SDKROOT = macosx;
			};
			name = Release;
		};
		7A452D882AE4000200700DCB /* Debug */ = {
			isa = XCBuildConfiguration;
			buildSettings = {
				ALWAYS_SEARCH_USER_PATHS = NO;
				CLANG_ANALYZER_NONNULL = YES;
				CLANG_ANALYZER_NUMBER_OBJECT_CONVERSION = YES_AGGRESSIVE;
				CLANG_CXX_LANGUAGE_STANDARD = "gnu++20";
				CLANG_ENABLE_MODULES = YES;
				CLANG_ENABLE_OBJC_ARC = YES;
				CLANG_ENABLE_OBJC_WEAK = YES;
				CLANG_WARN_BLOCK_CAPTURE_AUTORELEASING = YES;
				CLANG_WARN_BOOL_CONVERSION = YES;
				CLANG_WARN_COMMA = YES;
				CLANG_WARN_CONSTANT_CONVERSION = YES;
				CLANG_WARN_DEPRECATED_OBJC_IMPLEMENTATIONS = YES;
				CLANG_WARN_DIRECT_OBJC_ISA_USAGE = YES_ERROR;
				CLANG_WARN_DOCUMENTATION_COMMENTS = YES;
				CLANG_WARN_EMPTY_BODY = YES;
				CLANG_WARN_ENUM_CONVERSION = YES;
				CLANG_WARN_INFINITE_RECURSION = YES;
				CLANG_WARN_INT_CONVERSION = YES;
				CLANG_WARN_NON_LITERAL_NULL_CONVERSION = YES;
				CLANG_WARN_OBJC_IMPLICIT_RETAIN_SELF = YES;
				CLANG_WARN_OBJC_LITERAL_CONVERSION = YES;
				CLANG_WARN_OBJC_ROOT_CLASS = YES_ERROR;
				CLANG_WARN_QUOTED_INCLUDE_IN_FRAMEWORK_HEADER = YES;
				CLANG_WARN_RANGE_LOOP_ANALYSIS = YES;
				CLANG_WARN_STRICT_PROTOTYPES = YES;
				CLANG_WARN_SUSPICIOUS_MOVE = YES;
				CLANG_WARN_UNGUARDED_AVAILABILITY = YES_AGGRESSIVE;
				CLANG_WARN_UNREACHABLE_CODE = YES;
				CLANG_WARN__DUPLICATE_METHOD_MATCH = YES;
				COPY_PHASE_STRIP = NO;
				DEAD_CODE_STRIPPING = YES;
				DEBUG_INFORMATION_FORMAT = dwarf;
				DEVELOPMENT_TEAM = 7LMD5965ZQ;
				ENABLE_STRICT_OBJC_MSGSEND = YES;
				ENABLE_TESTABILITY = YES;
				GCC_C_LANGUAGE_STANDARD = gnu11;
				GCC_DYNAMIC_NO_PIC = NO;
				GCC_NO_COMMON_BLOCKS = YES;
				GCC_OPTIMIZATION_LEVEL = 0;
				GCC_PREPROCESSOR_DEFINITIONS = (
					"DEBUG=1",
					"$(inherited)",
				);
				GCC_WARN_64_TO_32_BIT_CONVERSION = YES;
				GCC_WARN_ABOUT_RETURN_TYPE = YES_ERROR;
				GCC_WARN_UNDECLARED_SELECTOR = YES;
				GCC_WARN_UNINITIALIZED_AUTOS = YES_AGGRESSIVE;
				GCC_WARN_UNUSED_FUNCTION = YES;
				GCC_WARN_UNUSED_VARIABLE = YES;
				HEADER_SEARCH_PATHS = external/glm;
				MTL_ENABLE_DEBUG_INFO = INCLUDE_SOURCE;
				MTL_FAST_MATH = YES;
				ONLY_ACTIVE_ARCH = YES;
				SWIFT_ACTIVE_COMPILATION_CONDITIONS = DEBUG;
				SWIFT_OPTIMIZATION_LEVEL = "-Onone";
			};
			name = Debug;
		};
		7A452D892AE4000200700DCB /* Release */ = {
			isa = XCBuildConfiguration;
			buildSettings = {
				ALWAYS_SEARCH_USER_PATHS = NO;
				CLANG_ANALYZER_NONNULL = YES;
				CLANG_ANALYZER_NUMBER_OBJECT_CONVERSION = YES_AGGRESSIVE;
				CLANG_CXX_LANGUAGE_STANDARD = "gnu++20";
				CLANG_ENABLE_MODULES = YES;
				CLANG_ENABLE_OBJC_ARC = YES;
				CLANG_ENABLE_OBJC_WEAK = YES;
				CLANG_WARN_BLOCK_CAPTURE_AUTORELEASING = YES;
				CLANG_WARN_BOOL_CONVERSION = YES;
				CLANG_WARN_COMMA = YES;
				CLANG_WARN_CONSTANT_CONVERSION = YES;
				CLANG_WARN_DEPRECATED_OBJC_IMPLEMENTATIONS = YES;
				CLANG_WARN_DIRECT_OBJC_ISA_USAGE = YES_ERROR;
				CLANG_WARN_DOCUMENTATION_COMMENTS = YES;
				CLANG_WARN_EMPTY_BODY = YES;
				CLANG_WARN_ENUM_CONVERSION = YES;
				CLANG_WARN_INFINITE_RECURSION = YES;
				CLANG_WARN_INT_CONVERSION = YES;
				CLANG_WARN_NON_LITERAL_NULL_CONVERSION = YES;
				CLANG_WARN_OBJC_IMPLICIT_RETAIN_SELF = YES;
				CLANG_WARN_OBJC_LITERAL_CONVERSION = YES;
				CLANG_WARN_OBJC_ROOT_CLASS = YES_ERROR;
				CLANG_WARN_QUOTED_INCLUDE_IN_FRAMEWORK_HEADER = YES;
				CLANG_WARN_RANGE_LOOP_ANALYSIS = YES;
				CLANG_WARN_STRICT_PROTOTYPES = YES;
				CLANG_WARN_SUSPICIOUS_MOVE = YES;
				CLANG_WARN_UNGUARDED_AVAILABILITY = YES_AGGRESSIVE;
				CLANG_WARN_UNREACHABLE_CODE = YES;
				CLANG_WARN__DUPLICATE_METHOD_MATCH = YES;
				COPY_PHASE_STRIP = NO;
				DEAD_CODE_STRIPPING = YES;
				DEBUG_INFORMATION_FORMAT = "dwarf-with-dsym";
				DEVELOPMENT_TEAM = 7LMD5965ZQ;
				ENABLE_NS_ASSERTIONS = NO;
				ENABLE_STRICT_OBJC_MSGSEND = YES;
				GCC_C_LANGUAGE_STANDARD = gnu11;
				GCC_NO_COMMON_BLOCKS = YES;
				GCC_WARN_64_TO_32_BIT_CONVERSION = YES;
				GCC_WARN_ABOUT_RETURN_TYPE = YES_ERROR;
				GCC_WARN_UNDECLARED_SELECTOR = YES;
				GCC_WARN_UNINITIALIZED_AUTOS = YES_AGGRESSIVE;
				GCC_WARN_UNUSED_FUNCTION = YES;
				GCC_WARN_UNUSED_VARIABLE = YES;
				HEADER_SEARCH_PATHS = external/glm;
				MTL_ENABLE_DEBUG_INFO = NO;
				MTL_FAST_MATH = YES;
				SWIFT_COMPILATION_MODE = wholemodule;
				SWIFT_OPTIMIZATION_LEVEL = "-O";
			};
			name = Release;
		};
		7A452D8B2AE4000200700DCB /* Debug */ = {
			isa = XCBuildConfiguration;
			baseConfigurationReference = 7A0B75F02AEF0AFA00CD2584 /* kis-iOS_Config.xcconfig */;
			buildSettings = {
				ASSETCATALOG_COMPILER_APPICON_NAME = AppIcon;
				ASSETCATALOG_COMPILER_GLOBAL_ACCENT_COLOR_NAME = AccentColor;
				CODE_SIGN_STYLE = Automatic;
				CURRENT_PROJECT_VERSION = 1;
				GENERATE_INFOPLIST_FILE = YES;
				HEADER_SEARCH_PATHS = kisEngine/src/public;
				INFOPLIST_KEY_UIApplicationSupportsIndirectInputEvents = YES;
				INFOPLIST_KEY_UILaunchStoryboardName = LaunchScreen;
				INFOPLIST_KEY_UIMainStoryboardFile = Main;
				INFOPLIST_KEY_UIStatusBarHidden = YES;
				INFOPLIST_KEY_UISupportedInterfaceOrientations_iPad = "UIInterfaceOrientationPortrait UIInterfaceOrientationPortraitUpsideDown UIInterfaceOrientationLandscapeLeft UIInterfaceOrientationLandscapeRight";
				INFOPLIST_KEY_UISupportedInterfaceOrientations_iPhone = "UIInterfaceOrientationPortrait UIInterfaceOrientationLandscapeLeft UIInterfaceOrientationLandscapeRight";
				IPHONEOS_DEPLOYMENT_TARGET = 16.4;
				LD_RUNPATH_SEARCH_PATHS = (
					"$(inherited)",
					"@executable_path/Frameworks",
				);
				MARKETING_VERSION = 1.0;
				OTHER_LDFLAGS = (
					"-lc++",
					"${inherited}",
				);
				PRODUCT_BUNDLE_IDENTIFIER = com.hi.kis.kis;
				PRODUCT_NAME = kis;
				SDKROOT = iphoneos;
				SWIFT_EMIT_LOC_STRINGS = YES;
				SWIFT_OBJC_BRIDGING_HEADER = "kis Shared/ShaderTypes.h";
				SWIFT_VERSION = 5.0;
				TARGETED_DEVICE_FAMILY = "1,2";
			};
			name = Debug;
		};
		7A452D8C2AE4000200700DCB /* Release */ = {
			isa = XCBuildConfiguration;
			baseConfigurationReference = 7A0B75F02AEF0AFA00CD2584 /* kis-iOS_Config.xcconfig */;
			buildSettings = {
				ASSETCATALOG_COMPILER_APPICON_NAME = AppIcon;
				ASSETCATALOG_COMPILER_GLOBAL_ACCENT_COLOR_NAME = AccentColor;
				CODE_SIGN_STYLE = Automatic;
				CURRENT_PROJECT_VERSION = 1;
				GENERATE_INFOPLIST_FILE = YES;
				HEADER_SEARCH_PATHS = kisEngine/src/public;
				INFOPLIST_KEY_UIApplicationSupportsIndirectInputEvents = YES;
				INFOPLIST_KEY_UILaunchStoryboardName = LaunchScreen;
				INFOPLIST_KEY_UIMainStoryboardFile = Main;
				INFOPLIST_KEY_UIStatusBarHidden = YES;
				INFOPLIST_KEY_UISupportedInterfaceOrientations_iPad = "UIInterfaceOrientationPortrait UIInterfaceOrientationPortraitUpsideDown UIInterfaceOrientationLandscapeLeft UIInterfaceOrientationLandscapeRight";
				INFOPLIST_KEY_UISupportedInterfaceOrientations_iPhone = "UIInterfaceOrientationPortrait UIInterfaceOrientationLandscapeLeft UIInterfaceOrientationLandscapeRight";
				IPHONEOS_DEPLOYMENT_TARGET = 16.4;
				LD_RUNPATH_SEARCH_PATHS = (
					"$(inherited)",
					"@executable_path/Frameworks",
				);
				MARKETING_VERSION = 1.0;
				OTHER_LDFLAGS = (
					"-lc++",
					"${inherited}",
				);
				PRODUCT_BUNDLE_IDENTIFIER = com.hi.kis.kis;
				PRODUCT_NAME = kis;
				SDKROOT = iphoneos;
				SWIFT_EMIT_LOC_STRINGS = YES;
				SWIFT_OBJC_BRIDGING_HEADER = "kis Shared/ShaderTypes.h";
				SWIFT_VERSION = 5.0;
				TARGETED_DEVICE_FAMILY = "1,2";
				VALIDATE_PRODUCT = YES;
			};
			name = Release;
		};
		7A452D8E2AE4000200700DCB /* Debug */ = {
			isa = XCBuildConfiguration;
			buildSettings = {
				ASSETCATALOG_COMPILER_APPICON_NAME = AppIcon;
				ASSETCATALOG_COMPILER_GLOBAL_ACCENT_COLOR_NAME = AccentColor;
				CODE_SIGN_ENTITLEMENTS = "kis macOS/kis_macOS.entitlements";
				CODE_SIGN_STYLE = Automatic;
				COMBINE_HIDPI_IMAGES = YES;
				CURRENT_PROJECT_VERSION = 1;
				DEAD_CODE_STRIPPING = YES;
				ENABLE_HARDENED_RUNTIME = YES;
				GENERATE_INFOPLIST_FILE = YES;
				HEADER_SEARCH_PATHS = kisEngine/src/public;
				INFOPLIST_KEY_NSHumanReadableCopyright = "";
				INFOPLIST_KEY_NSMainStoryboardFile = Main;
				INFOPLIST_KEY_NSPrincipalClass = NSApplication;
				LD_RUNPATH_SEARCH_PATHS = (
					"$(inherited)",
					"@executable_path/../Frameworks",
				);
				MACOSX_DEPLOYMENT_TARGET = 13.3;
				MARKETING_VERSION = 1.0;
				OTHER_LDFLAGS = (
					"-lc++",
					"external/MoltenVK/MoltenVK.xcframework/macOS-arm64_x86_64/libMoltenVK.a",
				);
				PRODUCT_BUNDLE_IDENTIFIER = com.hi.kis.kis;
				PRODUCT_NAME = kis;
				SDKROOT = macosx;
				SWIFT_EMIT_LOC_STRINGS = YES;
				SWIFT_OBJC_BRIDGING_HEADER = "kis Shared/ShaderTypes.h";
				SWIFT_VERSION = 5.0;
			};
			name = Debug;
		};
		7A452D8F2AE4000200700DCB /* Release */ = {
			isa = XCBuildConfiguration;
			buildSettings = {
				ASSETCATALOG_COMPILER_APPICON_NAME = AppIcon;
				ASSETCATALOG_COMPILER_GLOBAL_ACCENT_COLOR_NAME = AccentColor;
				CODE_SIGN_ENTITLEMENTS = "kis macOS/kis_macOS.entitlements";
				CODE_SIGN_STYLE = Automatic;
				COMBINE_HIDPI_IMAGES = YES;
				CURRENT_PROJECT_VERSION = 1;
				DEAD_CODE_STRIPPING = YES;
				ENABLE_HARDENED_RUNTIME = YES;
				GENERATE_INFOPLIST_FILE = YES;
				HEADER_SEARCH_PATHS = kisEngine/src/public;
				INFOPLIST_KEY_NSHumanReadableCopyright = "";
				INFOPLIST_KEY_NSMainStoryboardFile = Main;
				INFOPLIST_KEY_NSPrincipalClass = NSApplication;
				LD_RUNPATH_SEARCH_PATHS = (
					"$(inherited)",
					"@executable_path/../Frameworks",
				);
				MACOSX_DEPLOYMENT_TARGET = 13.3;
				MARKETING_VERSION = 1.0;
				OTHER_LDFLAGS = (
					"-lc++",
					"external/MoltenVK/MoltenVK.xcframework/macOS-arm64_x86_64/libMoltenVK.a",
				);
				PRODUCT_BUNDLE_IDENTIFIER = com.hi.kis.kis;
				PRODUCT_NAME = kis;
				SDKROOT = macosx;
				SWIFT_EMIT_LOC_STRINGS = YES;
				SWIFT_OBJC_BRIDGING_HEADER = "kis Shared/ShaderTypes.h";
				SWIFT_VERSION = 5.0;
			};
			name = Release;
		};
		7A452D992AE4002E00700DCB /* Debug */ = {
			isa = XCBuildConfiguration;
			buildSettings = {
				CLANG_ENABLE_MODULES = YES;
				CODE_SIGN_STYLE = Automatic;
				HEADER_SEARCH_PATHS = (
					external/rpmalloc,
					"${inherited}",
				);
				IPHONEOS_DEPLOYMENT_TARGET = 16.4;
				PRODUCT_NAME = "$(TARGET_NAME)";
				SDKROOT = iphoneos;
				SKIP_INSTALL = YES;
				SWIFT_OPTIMIZATION_LEVEL = "-Onone";
				SWIFT_VERSION = 5.0;
				TARGETED_DEVICE_FAMILY = "1,2";
			};
			name = Debug;
		};
		7A452D9A2AE4002E00700DCB /* Release */ = {
			isa = XCBuildConfiguration;
			buildSettings = {
				CLANG_ENABLE_MODULES = YES;
				CODE_SIGN_STYLE = Automatic;
				HEADER_SEARCH_PATHS = (
					external/rpmalloc,
					"${inherited}",
				);
				IPHONEOS_DEPLOYMENT_TARGET = 16.4;
				PRODUCT_NAME = "$(TARGET_NAME)";
				SDKROOT = iphoneos;
				SKIP_INSTALL = YES;
				SWIFT_VERSION = 5.0;
				TARGETED_DEVICE_FAMILY = "1,2";
				VALIDATE_PRODUCT = YES;
			};
			name = Release;
		};
		7A452DAC2AE400FC00700DCB /* Debug */ = {
			isa = XCBuildConfiguration;
			buildSettings = {
				CODE_SIGN_STYLE = Automatic;
				HEADER_SEARCH_PATHS = (
					kisCore/src/public,
					external/Eigen,
					external/MoltenVK/include,
					external/VulkanMemoryAllocator/include,
					"${inherited}",
				);
				IPHONEOS_DEPLOYMENT_TARGET = 16.4;
				PRODUCT_NAME = "$(TARGET_NAME)";
				PUBLIC_HEADERS_FOLDER_PATH = /usr/local/include;
				SDKROOT = iphoneos;
				SKIP_INSTALL = YES;
				SWIFT_VERSION = 5.0;
				TARGETED_DEVICE_FAMILY = "1,2";
			};
			name = Debug;
		};
		7A452DAD2AE400FC00700DCB /* Release */ = {
			isa = XCBuildConfiguration;
			buildSettings = {
				CODE_SIGN_STYLE = Automatic;
				HEADER_SEARCH_PATHS = (
					kisCore/src/public,
					external/Eigen,
					external/MoltenVK/include,
					external/VulkanMemoryAllocator/include,
					"${inherited}",
				);
				IPHONEOS_DEPLOYMENT_TARGET = 16.4;
				PRODUCT_NAME = "$(TARGET_NAME)";
				PUBLIC_HEADERS_FOLDER_PATH = /usr/local/include;
				SDKROOT = iphoneos;
				SKIP_INSTALL = YES;
				SWIFT_VERSION = 5.0;
				TARGETED_DEVICE_FAMILY = "1,2";
				VALIDATE_PRODUCT = YES;
			};
			name = Release;
		};
		7A452DC72AE42AA600700DCB /* Debug */ = {
			isa = XCBuildConfiguration;
			buildSettings = {
				CODE_SIGN_STYLE = Automatic;
				HEADER_SEARCH_PATHS = (
					kisCore/src/public,
					kisGraphics/src/public,
					"${inherited}",
				);
				IPHONEOS_DEPLOYMENT_TARGET = 16.4;
				PRODUCT_NAME = "$(TARGET_NAME)";
				SDKROOT = iphoneos;
				SKIP_INSTALL = YES;
				SWIFT_VERSION = 5.0;
				TARGETED_DEVICE_FAMILY = "1,2";
			};
			name = Debug;
		};
		7A452DC82AE42AA600700DCB /* Release */ = {
			isa = XCBuildConfiguration;
			buildSettings = {
				CODE_SIGN_STYLE = Automatic;
				HEADER_SEARCH_PATHS = (
					kisCore/src/public,
					kisGraphics/src/public,
					"${inherited}",
				);
				IPHONEOS_DEPLOYMENT_TARGET = 16.4;
				PRODUCT_NAME = "$(TARGET_NAME)";
				SDKROOT = iphoneos;
				SKIP_INSTALL = YES;
				SWIFT_VERSION = 5.0;
				TARGETED_DEVICE_FAMILY = "1,2";
				VALIDATE_PRODUCT = YES;
			};
			name = Release;
		};
		7A8BD5822B35F48E00A23795 /* Debug */ = {
			isa = XCBuildConfiguration;
			buildSettings = {
				CLANG_ENABLE_MODULES = YES;
				CODE_SIGN_STYLE = Automatic;
				DEAD_CODE_STRIPPING = YES;
				HEADER_SEARCH_PATHS = (
					external/rpmalloc,
					"${inherited}",
				);
				IPHONEOS_DEPLOYMENT_TARGET = 16.4;
				PRODUCT_NAME = "$(TARGET_NAME)";
				SKIP_INSTALL = YES;
				SWIFT_OPTIMIZATION_LEVEL = "-Onone";
				SWIFT_VERSION = 5.0;
				TARGETED_DEVICE_FAMILY = "1,2";
			};
			name = Debug;
		};
		7A8BD5832B35F48E00A23795 /* Release */ = {
			isa = XCBuildConfiguration;
			buildSettings = {
				CLANG_ENABLE_MODULES = YES;
				CODE_SIGN_STYLE = Automatic;
				DEAD_CODE_STRIPPING = YES;
				HEADER_SEARCH_PATHS = (
					external/rpmalloc,
					"${inherited}",
				);
				IPHONEOS_DEPLOYMENT_TARGET = 16.4;
				PRODUCT_NAME = "$(TARGET_NAME)";
				SKIP_INSTALL = YES;
				SWIFT_VERSION = 5.0;
				TARGETED_DEVICE_FAMILY = "1,2";
				VALIDATE_PRODUCT = YES;
			};
			name = Release;
		};
		7A8BD5912B35F4C000A23795 /* Debug */ = {
			isa = XCBuildConfiguration;
			buildSettings = {
				CODE_SIGN_STYLE = Automatic;
				DEAD_CODE_STRIPPING = YES;
				HEADER_SEARCH_PATHS = (
					kisCore/src/public,
					kisGraphics/src/public,
					"${inherited}",
				);
				IPHONEOS_DEPLOYMENT_TARGET = 16.4;
				PRODUCT_NAME = "$(TARGET_NAME)";
				SKIP_INSTALL = YES;
				SWIFT_VERSION = 5.0;
				TARGETED_DEVICE_FAMILY = "1,2";
			};
			name = Debug;
		};
		7A8BD5922B35F4C000A23795 /* Release */ = {
			isa = XCBuildConfiguration;
			buildSettings = {
				CODE_SIGN_STYLE = Automatic;
				DEAD_CODE_STRIPPING = YES;
				HEADER_SEARCH_PATHS = (
					kisCore/src/public,
					kisGraphics/src/public,
					"${inherited}",
				);
				IPHONEOS_DEPLOYMENT_TARGET = 16.4;
				PRODUCT_NAME = "$(TARGET_NAME)";
				SKIP_INSTALL = YES;
				SWIFT_VERSION = 5.0;
				TARGETED_DEVICE_FAMILY = "1,2";
				VALIDATE_PRODUCT = YES;
			};
			name = Release;
		};
		7A8BD5A02B35F51000A23795 /* Debug */ = {
			isa = XCBuildConfiguration;
			buildSettings = {
				CODE_SIGN_STYLE = Automatic;
				DEAD_CODE_STRIPPING = YES;
				HEADER_SEARCH_PATHS = (
					kisCore/src/public,
					external/Eigen,
					external/MoltenVK/include,
					external/VulkanMemoryAllocator/include,
					"${inherited}",
				);
				IPHONEOS_DEPLOYMENT_TARGET = 16.4;
				PRODUCT_NAME = "$(TARGET_NAME)";
				PUBLIC_HEADERS_FOLDER_PATH = /usr/local/include;
				SKIP_INSTALL = YES;
				SWIFT_VERSION = 5.0;
				TARGETED_DEVICE_FAMILY = "1,2";
			};
			name = Debug;
		};
		7A8BD5A12B35F51000A23795 /* Release */ = {
			isa = XCBuildConfiguration;
			buildSettings = {
				CODE_SIGN_STYLE = Automatic;
				DEAD_CODE_STRIPPING = YES;
				HEADER_SEARCH_PATHS = (
					kisCore/src/public,
					external/Eigen,
					external/MoltenVK/include,
					external/VulkanMemoryAllocator/include,
					"${inherited}",
				);
				IPHONEOS_DEPLOYMENT_TARGET = 16.4;
				PRODUCT_NAME = "$(TARGET_NAME)";
				PUBLIC_HEADERS_FOLDER_PATH = /usr/local/include;
				SKIP_INSTALL = YES;
				SWIFT_VERSION = 5.0;
				TARGETED_DEVICE_FAMILY = "1,2";
				VALIDATE_PRODUCT = YES;
			};
			name = Release;
		};
		7AB3617C2B126DCE00DA31E4 /* Debug */ = {
			isa = XCBuildConfiguration;
			buildSettings = {
				ASSETCATALOG_COMPILER_APPICON_NAME = AppIcon;
				ASSETCATALOG_COMPILER_GLOBAL_ACCENT_COLOR_NAME = AccentColor;
				CODE_SIGN_ENTITLEMENTS = "kis macOS/kis_macOS.entitlements";
				CODE_SIGN_STYLE = Automatic;
				COMBINE_HIDPI_IMAGES = YES;
				CURRENT_PROJECT_VERSION = 1;
				DEAD_CODE_STRIPPING = YES;
				ENABLE_HARDENED_RUNTIME = YES;
				GENERATE_INFOPLIST_FILE = YES;
				HEADER_SEARCH_PATHS = kisEditor/src/public;
				INFOPLIST_KEY_NSHumanReadableCopyright = "";
				INFOPLIST_KEY_NSMainStoryboardFile = Main;
				INFOPLIST_KEY_NSPrincipalClass = NSApplication;
				LD_RUNPATH_SEARCH_PATHS = (
					"$(inherited)",
					"@executable_path/../Frameworks",
				);
				MACOSX_DEPLOYMENT_TARGET = 13.3;
				MARKETING_VERSION = 1.0;
				OTHER_LDFLAGS = (
					"-lc++",
					"external/MoltenVK/MoltenVK.xcframework/macOS-arm64_x86_64/libMoltenVK.a",
					"external/assimp-5.3.1/lib/libassimp.a",
					"external/zlib-1.2.13/build/macOS/libz.a",
				);
				PRODUCT_BUNDLE_IDENTIFIER = com.hi.kis.kis;
				PRODUCT_NAME = "$(TARGET_NAME)";
				SDKROOT = macosx;
				SWIFT_EMIT_LOC_STRINGS = YES;
				SWIFT_OBJC_BRIDGING_HEADER = "kis Shared/ShaderTypes.h";
				SWIFT_VERSION = 5.0;
			};
			name = Debug;
		};
		7AB3617D2B126DCE00DA31E4 /* Release */ = {
			isa = XCBuildConfiguration;
			buildSettings = {
				ASSETCATALOG_COMPILER_APPICON_NAME = AppIcon;
				ASSETCATALOG_COMPILER_GLOBAL_ACCENT_COLOR_NAME = AccentColor;
				CODE_SIGN_ENTITLEMENTS = "kis macOS/kis_macOS.entitlements";
				CODE_SIGN_STYLE = Automatic;
				COMBINE_HIDPI_IMAGES = YES;
				CURRENT_PROJECT_VERSION = 1;
				DEAD_CODE_STRIPPING = YES;
				ENABLE_HARDENED_RUNTIME = YES;
				GENERATE_INFOPLIST_FILE = YES;
				HEADER_SEARCH_PATHS = kisEditor/src/public;
				INFOPLIST_KEY_NSHumanReadableCopyright = "";
				INFOPLIST_KEY_NSMainStoryboardFile = Main;
				INFOPLIST_KEY_NSPrincipalClass = NSApplication;
				LD_RUNPATH_SEARCH_PATHS = (
					"$(inherited)",
					"@executable_path/../Frameworks",
				);
				MACOSX_DEPLOYMENT_TARGET = 13.3;
				MARKETING_VERSION = 1.0;
				OTHER_LDFLAGS = (
					"-lc++",
					"external/MoltenVK/MoltenVK.xcframework/macOS-arm64_x86_64/libMoltenVK.a",
					"external/assimp-5.3.1/lib/libassimp.a",
					"external/zlib-1.2.13/build/macOS/libz.a",
				);
				PRODUCT_BUNDLE_IDENTIFIER = com.hi.kis.kis;
				PRODUCT_NAME = "$(TARGET_NAME)";
				SDKROOT = macosx;
				SWIFT_EMIT_LOC_STRINGS = YES;
				SWIFT_OBJC_BRIDGING_HEADER = "kis Shared/ShaderTypes.h";
				SWIFT_VERSION = 5.0;
			};
			name = Release;
		};
		7AB361AC2B16A56000DA31E4 /* Debug */ = {
			isa = XCBuildConfiguration;
			buildSettings = {
				CODE_SIGN_STYLE = Automatic;
				DEAD_CODE_STRIPPING = YES;
				HEADER_SEARCH_PATHS = (
					kisCore/src/public,
					kisGraphics/src/public,
					"external/assimp-5.3.1/include",
					"${inherited}",
				);
				IPHONEOS_DEPLOYMENT_TARGET = 16.4;
				OTHER_LDFLAGS = "-ObjC";
				PRODUCT_NAME = "$(TARGET_NAME)";
				SKIP_INSTALL = YES;
				SWIFT_VERSION = 5.0;
				TARGETED_DEVICE_FAMILY = "1,2";
			};
			name = Debug;
		};
		7AB361AD2B16A56000DA31E4 /* Release */ = {
			isa = XCBuildConfiguration;
			buildSettings = {
				CODE_SIGN_STYLE = Automatic;
				DEAD_CODE_STRIPPING = YES;
				HEADER_SEARCH_PATHS = (
					kisCore/src/public,
					kisGraphics/src/public,
					"external/assimp-5.3.1/include",
					"${inherited}",
				);
				IPHONEOS_DEPLOYMENT_TARGET = 16.4;
				OTHER_LDFLAGS = "-ObjC";
				PRODUCT_NAME = "$(TARGET_NAME)";
				SKIP_INSTALL = YES;
				SWIFT_VERSION = 5.0;
				TARGETED_DEVICE_FAMILY = "1,2";
				VALIDATE_PRODUCT = YES;
			};
			name = Release;
		};
/* End XCBuildConfiguration section */

/* Begin XCConfigurationList section */
		7A36CA912B5C68A400A006D8 /* Build configuration list for PBXNativeTarget "kisTest" */ = {
			isa = XCConfigurationList;
			buildConfigurations = (
				7A36CA8F2B5C68A400A006D8 /* Debug */,
				7A36CA902B5C68A400A006D8 /* Release */,
			);
			defaultConfigurationIsVisible = 0;
			defaultConfigurationName = Release;
		};
		7A413D8C2DFEDC1C00E9A87F /* Build configuration list for PBXNativeTarget "kisBuilder" */ = {
			isa = XCConfigurationList;
			buildConfigurations = (
				7A413D8A2DFEDC1C00E9A87F /* Debug */,
				7A413D8B2DFEDC1C00E9A87F /* Release */,
			);
			defaultConfigurationIsVisible = 0;
			defaultConfigurationName = Release;
		};
		7A452D5B2AE4000000700DCB /* Build configuration list for PBXProject "kis" */ = {
			isa = XCConfigurationList;
			buildConfigurations = (
				7A452D882AE4000200700DCB /* Debug */,
				7A452D892AE4000200700DCB /* Release */,
			);
			defaultConfigurationIsVisible = 0;
			defaultConfigurationName = Release;
		};
		7A452D8A2AE4000200700DCB /* Build configuration list for PBXNativeTarget "kis iOS" */ = {
			isa = XCConfigurationList;
			buildConfigurations = (
				7A452D8B2AE4000200700DCB /* Debug */,
				7A452D8C2AE4000200700DCB /* Release */,
			);
			defaultConfigurationIsVisible = 0;
			defaultConfigurationName = Release;
		};
		7A452D8D2AE4000200700DCB /* Build configuration list for PBXNativeTarget "kis macOS" */ = {
			isa = XCConfigurationList;
			buildConfigurations = (
				7A452D8E2AE4000200700DCB /* Debug */,
				7A452D8F2AE4000200700DCB /* Release */,
			);
			defaultConfigurationIsVisible = 0;
			defaultConfigurationName = Release;
		};
		7A452D982AE4002E00700DCB /* Build configuration list for PBXNativeTarget "kisCore_iOS" */ = {
			isa = XCConfigurationList;
			buildConfigurations = (
				7A452D992AE4002E00700DCB /* Debug */,
				7A452D9A2AE4002E00700DCB /* Release */,
			);
			defaultConfigurationIsVisible = 0;
			defaultConfigurationName = Release;
		};
		7A452DAB2AE400FC00700DCB /* Build configuration list for PBXNativeTarget "kisGraphics_iOS" */ = {
			isa = XCConfigurationList;
			buildConfigurations = (
				7A452DAC2AE400FC00700DCB /* Debug */,
				7A452DAD2AE400FC00700DCB /* Release */,
			);
			defaultConfigurationIsVisible = 0;
			defaultConfigurationName = Release;
		};
		7A452DC62AE42AA600700DCB /* Build configuration list for PBXNativeTarget "kisEngine_iOS" */ = {
			isa = XCConfigurationList;
			buildConfigurations = (
				7A452DC72AE42AA600700DCB /* Debug */,
				7A452DC82AE42AA600700DCB /* Release */,
			);
			defaultConfigurationIsVisible = 0;
			defaultConfigurationName = Release;
		};
		7A8BD5812B35F48E00A23795 /* Build configuration list for PBXNativeTarget "kisCore_macOS" */ = {
			isa = XCConfigurationList;
			buildConfigurations = (
				7A8BD5822B35F48E00A23795 /* Debug */,
				7A8BD5832B35F48E00A23795 /* Release */,
			);
			defaultConfigurationIsVisible = 0;
			defaultConfigurationName = Release;
		};
		7A8BD5902B35F4C000A23795 /* Build configuration list for PBXNativeTarget "kisEngine_macOS" */ = {
			isa = XCConfigurationList;
			buildConfigurations = (
				7A8BD5912B35F4C000A23795 /* Debug */,
				7A8BD5922B35F4C000A23795 /* Release */,
			);
			defaultConfigurationIsVisible = 0;
			defaultConfigurationName = Release;
		};
		7A8BD59F2B35F51000A23795 /* Build configuration list for PBXNativeTarget "kisGraphics_macOS" */ = {
			isa = XCConfigurationList;
			buildConfigurations = (
				7A8BD5A02B35F51000A23795 /* Debug */,
				7A8BD5A12B35F51000A23795 /* Release */,
			);
			defaultConfigurationIsVisible = 0;
			defaultConfigurationName = Release;
		};
		7AB3617B2B126DCE00DA31E4 /* Build configuration list for PBXNativeTarget "kis Editor macOS" */ = {
			isa = XCConfigurationList;
			buildConfigurations = (
				7AB3617C2B126DCE00DA31E4 /* Debug */,
				7AB3617D2B126DCE00DA31E4 /* Release */,
			);
			defaultConfigurationIsVisible = 0;
			defaultConfigurationName = Release;
		};
		7AB361AB2B16A56000DA31E4 /* Build configuration list for PBXNativeTarget "kisEditor" */ = {
			isa = XCConfigurationList;
			buildConfigurations = (
				7AB361AC2B16A56000DA31E4 /* Debug */,
				7AB361AD2B16A56000DA31E4 /* Release */,
			);
			defaultConfigurationIsVisible = 0;
			defaultConfigurationName = Release;
		};
/* End XCConfigurationList section */
	};
	rootObject = 7A452D582AE4000000700DCB /* Project object */;
}
