// !$*UTF8*$!
{
	archiveVersion = 1;
	classes = {
	};
	objectVersion = 56;
	objects = {

/* Begin PBXBuildFile section */
		7A0B75F22AF04FFA00CD2584 /* kisMath.cpp in Sources */ = {isa = PBXBuildFile; fileRef = 7A0B75F12AF04FFA00CD2584 /* kisMath.cpp */; };
		7A0B75F82AF3038E00CD2584 /* kisVkResources.cpp in Sources */ = {isa = PBXBuildFile; fileRef = 7A0B75F72AF3038E00CD2584 /* kisVkResources.cpp */; };
		7A0B75FB2AF3040000CD2584 /* kisVkPrivate.cpp in Sources */ = {isa = PBXBuildFile; fileRef = 7A0B75FA2AF3040000CD2584 /* kisVkPrivate.cpp */; };
		7A0B76012AFCCC4B00CD2584 /* kisTime.cpp in Sources */ = {isa = PBXBuildFile; fileRef = 7A0B76002AFCCC4B00CD2584 /* kisTime.cpp */; };
		7A452D692AE4000200700DCB /* AppDelegate.swift in Sources */ = {isa = PBXBuildFile; fileRef = 7A452D682AE4000200700DCB /* AppDelegate.swift */; };
		7A452D6B2AE4000200700DCB /* GameViewController.swift in Sources */ = {isa = PBXBuildFile; fileRef = 7A452D6A2AE4000200700DCB /* GameViewController.swift */; };
		7A452D6E2AE4000200700DCB /* Main.storyboard in Resources */ = {isa = PBXBuildFile; fileRef = 7A452D6C2AE4000200700DCB /* Main.storyboard */; };
		7A452D712AE4000200700DCB /* LaunchScreen.storyboard in Resources */ = {isa = PBXBuildFile; fileRef = 7A452D6F2AE4000200700DCB /* LaunchScreen.storyboard */; };
		7A452D792AE4000200700DCB /* AppDelegate.swift in Sources */ = {isa = PBXBuildFile; fileRef = 7A452D782AE4000200700DCB /* AppDelegate.swift */; };
		7A452D7B2AE4000200700DCB /* GameViewController.swift in Sources */ = {isa = PBXBuildFile; fileRef = 7A452D7A2AE4000200700DCB /* GameViewController.swift */; };
		7A452D7E2AE4000200700DCB /* Main.storyboard in Resources */ = {isa = PBXBuildFile; fileRef = 7A452D7C2AE4000200700DCB /* Main.storyboard */; };
		7A452D802AE4000200700DCB /* Shaders.metal in Sources */ = {isa = PBXBuildFile; fileRef = 7A452D5D2AE4000000700DCB /* Shaders.metal */; };
		7A452D812AE4000200700DCB /* Shaders.metal in Sources */ = {isa = PBXBuildFile; fileRef = 7A452D5D2AE4000000700DCB /* Shaders.metal */; };
		7A452D822AE4000200700DCB /* Renderer.swift in Sources */ = {isa = PBXBuildFile; fileRef = 7A452D5E2AE4000000700DCB /* Renderer.swift */; };
		7A452D832AE4000200700DCB /* Renderer.swift in Sources */ = {isa = PBXBuildFile; fileRef = 7A452D5E2AE4000000700DCB /* Renderer.swift */; };
		7A452D842AE4000200700DCB /* ShaderTypes.h in Resources */ = {isa = PBXBuildFile; fileRef = 7A452D5F2AE4000000700DCB /* ShaderTypes.h */; };
		7A452D852AE4000200700DCB /* ShaderTypes.h in Resources */ = {isa = PBXBuildFile; fileRef = 7A452D5F2AE4000000700DCB /* ShaderTypes.h */; };
		7A452D862AE4000200700DCB /* Assets.xcassets in Resources */ = {isa = PBXBuildFile; fileRef = 7A452D602AE4000200700DCB /* Assets.xcassets */; };
		7A452D872AE4000200700DCB /* Assets.xcassets in Resources */ = {isa = PBXBuildFile; fileRef = 7A452D602AE4000200700DCB /* Assets.xcassets */; };
		7A452D9D2AE4007C00700DCB /* kisCore.cpp in Sources */ = {isa = PBXBuildFile; fileRef = 7A452D9B2AE4007C00700DCB /* kisCore.cpp */; };
		7A452DCA2AE42AFE00700DCB /* engine.cpp in Sources */ = {isa = PBXBuildFile; fileRef = 7A452DC92AE42AFE00700DCB /* engine.cpp */; };
		7A452DD72AE431FF00700DCB /* libkisEngine.a in Frameworks */ = {isa = PBXBuildFile; fileRef = 7A452DC22AE42AA600700DCB /* libkisEngine.a */; };
		7A452DD82AE4320D00700DCB /* libkisCore.a in Frameworks */ = {isa = PBXBuildFile; fileRef = 7A452D942AE4002E00700DCB /* libkisCore.a */; };
		7A452DD92AE4321400700DCB /* libkisCore.a in Frameworks */ = {isa = PBXBuildFile; fileRef = 7A452D942AE4002E00700DCB /* libkisCore.a */; };
		7A452DDA2AE4321A00700DCB /* libkisGraphics.a in Frameworks */ = {isa = PBXBuildFile; fileRef = 7A452DA72AE400FC00700DCB /* libkisGraphics.a */; };
		7A452DE12AE542AC00700DCB /* kisGraphics.cpp in Sources */ = {isa = PBXBuildFile; fileRef = 7A452DDF2AE542AC00700DCB /* kisGraphics.cpp */; };
		7A452DE92AE5437C00700DCB /* kisVk.cpp in Sources */ = {isa = PBXBuildFile; fileRef = 7A452DE82AE5437C00700DCB /* kisVk.cpp */; };
		7A452DEC2AE8535600700DCB /* kisFile.cpp in Sources */ = {isa = PBXBuildFile; fileRef = 7A452DEB2AE8535600700DCB /* kisFile.cpp */; };
		7A452DEF2AE854DC00700DCB /* kisMem.cpp in Sources */ = {isa = PBXBuildFile; fileRef = 7A452DEE2AE854DC00700DCB /* kisMem.cpp */; };
		7A452DFF2AED285900700DCB /* Utilities.swift in Sources */ = {isa = PBXBuildFile; fileRef = 7A452DFE2AED285900700DCB /* Utilities.swift */; };
		7A452E002AED285900700DCB /* Utilities.swift in Sources */ = {isa = PBXBuildFile; fileRef = 7A452DFE2AED285900700DCB /* Utilities.swift */; };
		7A452E0B2AED443300700DCB /* data in Resources */ = {isa = PBXBuildFile; fileRef = 7A452E0A2AED443300700DCB /* data */; };
		7A452E0C2AED443300700DCB /* data in Resources */ = {isa = PBXBuildFile; fileRef = 7A452E0A2AED443300700DCB /* data */; };
		7A452E0E2AEE578100700DCB /* kisRenderer.swift in Sources */ = {isa = PBXBuildFile; fileRef = 7A452E0D2AEE578100700DCB /* kisRenderer.swift */; };
		7A452E0F2AEE578200700DCB /* kisRenderer.swift in Sources */ = {isa = PBXBuildFile; fileRef = 7A452E0D2AEE578100700DCB /* kisRenderer.swift */; };
/* End PBXBuildFile section */

/* Begin PBXContainerItemProxy section */
		7A452DCE2AE430B200700DCB /* PBXContainerItemProxy */ = {
			isa = PBXContainerItemProxy;
			containerPortal = 7A452D582AE4000000700DCB /* Project object */;
			proxyType = 1;
			remoteGlobalIDString = 7A452D932AE4002E00700DCB;
			remoteInfo = kisCore;
		};
		7A452DD02AE430CA00700DCB /* PBXContainerItemProxy */ = {
			isa = PBXContainerItemProxy;
			containerPortal = 7A452D582AE4000000700DCB /* Project object */;
			proxyType = 1;
			remoteGlobalIDString = 7A452D932AE4002E00700DCB;
			remoteInfo = kisCore;
		};
		7A452DD22AE430CA00700DCB /* PBXContainerItemProxy */ = {
			isa = PBXContainerItemProxy;
			containerPortal = 7A452D582AE4000000700DCB /* Project object */;
			proxyType = 1;
			remoteGlobalIDString = 7A452DA62AE400FC00700DCB;
			remoteInfo = kisGraphics;
		};
		7A452DD42AE430D900700DCB /* PBXContainerItemProxy */ = {
			isa = PBXContainerItemProxy;
			containerPortal = 7A452D582AE4000000700DCB /* Project object */;
			proxyType = 1;
			remoteGlobalIDString = 7A452DC12AE42AA600700DCB;
			remoteInfo = kisEngine;
		};
/* End PBXContainerItemProxy section */

/* Begin PBXCopyFilesBuildPhase section */
		7A452D922AE4002E00700DCB /* CopyFiles */ = {
			isa = PBXCopyFilesBuildPhase;
			buildActionMask = 2147483647;
			dstPath = "include/$(PRODUCT_NAME)";
			dstSubfolderSpec = 16;
			files = (
			);
			runOnlyForDeploymentPostprocessing = 0;
		};
		7A452DA52AE400FC00700DCB /* CopyFiles */ = {
			isa = PBXCopyFilesBuildPhase;
			buildActionMask = 2147483647;
			dstPath = "include/$(PRODUCT_NAME)";
			dstSubfolderSpec = 16;
			files = (
			);
			runOnlyForDeploymentPostprocessing = 0;
		};
		7A452DC02AE42AA600700DCB /* CopyFiles */ = {
			isa = PBXCopyFilesBuildPhase;
			buildActionMask = 2147483647;
			dstPath = "include/$(PRODUCT_NAME)";
			dstSubfolderSpec = 16;
			files = (
			);
			runOnlyForDeploymentPostprocessing = 0;
		};
/* End PBXCopyFilesBuildPhase section */

/* Begin PBXFileReference section */
		7A0B75F02AEF0AFA00CD2584 /* kis-iOS_Config.xcconfig */ = {isa = PBXFileReference; lastKnownFileType = text.xcconfig; name = "kis-iOS_Config.xcconfig"; path = "kis iOS/kis-iOS_Config.xcconfig"; sourceTree = "<group>"; };
		7A0B75F12AF04FFA00CD2584 /* kisMath.cpp */ = {isa = PBXFileReference; lastKnownFileType = sourcecode.cpp.cpp; name = kisMath.cpp; path = src/private/kisMath.cpp; sourceTree = "<group>"; };
		7A0B75F32AF0502100CD2584 /* kisMath.h */ = {isa = PBXFileReference; lastKnownFileType = sourcecode.c.h; name = kisMath.h; path = src/public/kisCore/kisMath.h; sourceTree = "<group>"; };
		7A0B75F42AF3033D00CD2584 /* kisVkResources.h */ = {isa = PBXFileReference; lastKnownFileType = sourcecode.c.h; name = kisVkResources.h; path = src/private/kisVk/kisVkResources.h; sourceTree = "<group>"; };
		7A0B75F72AF3038E00CD2584 /* kisVkResources.cpp */ = {isa = PBXFileReference; lastKnownFileType = sourcecode.cpp.cpp; name = kisVkResources.cpp; path = src/private/kisVk/kisVkResources.cpp; sourceTree = "<group>"; };
		7A0B75F92AF303CF00CD2584 /* kisVkPrivate.h */ = {isa = PBXFileReference; lastKnownFileType = sourcecode.c.h; name = kisVkPrivate.h; path = src/private/kisVk/kisVkPrivate.h; sourceTree = "<group>"; };
		7A0B75FA2AF3040000CD2584 /* kisVkPrivate.cpp */ = {isa = PBXFileReference; lastKnownFileType = sourcecode.cpp.cpp; name = kisVkPrivate.cpp; path = src/private/kisVk/kisVkPrivate.cpp; sourceTree = "<group>"; };
		7A0B75FC2AF8DD9E00CD2584 /* kisArray.h */ = {isa = PBXFileReference; fileEncoding = 4; lastKnownFileType = sourcecode.c.h; name = kisArray.h; path = src/public/kisCore/kisArray.h; sourceTree = "<group>"; };
		7A0B75FD2AFAE2D300CD2584 /* kisStaticArray.h */ = {isa = PBXFileReference; fileEncoding = 4; lastKnownFileType = sourcecode.c.h; name = kisStaticArray.h; path = src/public/kisCore/kisStaticArray.h; sourceTree = "<group>"; };
		7A0B75FE2AFAE2D300CD2584 /* kisFixedArray.h */ = {isa = PBXFileReference; fileEncoding = 4; lastKnownFileType = sourcecode.c.h; name = kisFixedArray.h; path = src/public/kisCore/kisFixedArray.h; sourceTree = "<group>"; };
		7A0B75FF2AFCCC2800CD2584 /* kisTime.h */ = {isa = PBXFileReference; lastKnownFileType = sourcecode.c.h; name = kisTime.h; path = src/public/kisCore/kisTime.h; sourceTree = "<group>"; };
		7A0B76002AFCCC4B00CD2584 /* kisTime.cpp */ = {isa = PBXFileReference; lastKnownFileType = sourcecode.cpp.cpp; name = kisTime.cpp; path = src/private/kisTime.cpp; sourceTree = "<group>"; };
		7A452D5D2AE4000000700DCB /* Shaders.metal */ = {isa = PBXFileReference; lastKnownFileType = sourcecode.metal; path = Shaders.metal; sourceTree = "<group>"; };
		7A452D5E2AE4000000700DCB /* Renderer.swift */ = {isa = PBXFileReference; lastKnownFileType = sourcecode.swift; path = Renderer.swift; sourceTree = "<group>"; };
		7A452D5F2AE4000000700DCB /* ShaderTypes.h */ = {isa = PBXFileReference; lastKnownFileType = sourcecode.c.h; path = ShaderTypes.h; sourceTree = "<group>"; };
		7A452D602AE4000200700DCB /* Assets.xcassets */ = {isa = PBXFileReference; lastKnownFileType = folder.assetcatalog; path = Assets.xcassets; sourceTree = "<group>"; };
		7A452D652AE4000200700DCB /* kis.app */ = {isa = PBXFileReference; explicitFileType = wrapper.application; includeInIndex = 0; path = kis.app; sourceTree = BUILT_PRODUCTS_DIR; };
		7A452D682AE4000200700DCB /* AppDelegate.swift */ = {isa = PBXFileReference; lastKnownFileType = sourcecode.swift; path = AppDelegate.swift; sourceTree = "<group>"; };
		7A452D6A2AE4000200700DCB /* GameViewController.swift */ = {isa = PBXFileReference; lastKnownFileType = sourcecode.swift; path = GameViewController.swift; sourceTree = "<group>"; };
		7A452D6D2AE4000200700DCB /* Base */ = {isa = PBXFileReference; lastKnownFileType = file.storyboard; name = Base; path = Base.lproj/Main.storyboard; sourceTree = "<group>"; };
		7A452D702AE4000200700DCB /* Base */ = {isa = PBXFileReference; lastKnownFileType = file.storyboard; name = Base; path = Base.lproj/LaunchScreen.storyboard; sourceTree = "<group>"; };
		7A452D762AE4000200700DCB /* kis.app */ = {isa = PBXFileReference; explicitFileType = wrapper.application; includeInIndex = 0; path = kis.app; sourceTree = BUILT_PRODUCTS_DIR; };
		7A452D782AE4000200700DCB /* AppDelegate.swift */ = {isa = PBXFileReference; lastKnownFileType = sourcecode.swift; path = AppDelegate.swift; sourceTree = "<group>"; };
		7A452D7A2AE4000200700DCB /* GameViewController.swift */ = {isa = PBXFileReference; lastKnownFileType = sourcecode.swift; path = GameViewController.swift; sourceTree = "<group>"; };
		7A452D7D2AE4000200700DCB /* Base */ = {isa = PBXFileReference; lastKnownFileType = file.storyboard; name = Base; path = Base.lproj/Main.storyboard; sourceTree = "<group>"; };
		7A452D7F2AE4000200700DCB /* kis_macOS.entitlements */ = {isa = PBXFileReference; lastKnownFileType = text.plist.entitlements; path = kis_macOS.entitlements; sourceTree = "<group>"; };
		7A452D942AE4002E00700DCB /* libkisCore.a */ = {isa = PBXFileReference; explicitFileType = archive.ar; includeInIndex = 0; path = libkisCore.a; sourceTree = BUILT_PRODUCTS_DIR; };
		7A452D9B2AE4007C00700DCB /* kisCore.cpp */ = {isa = PBXFileReference; fileEncoding = 4; lastKnownFileType = sourcecode.cpp.cpp; name = kisCore.cpp; path = src/private/kisCore.cpp; sourceTree = "<group>"; };
		7A452D9F2AE4008C00700DCB /* kisStringANSIStatic.h */ = {isa = PBXFileReference; fileEncoding = 4; lastKnownFileType = sourcecode.c.h; name = kisStringANSIStatic.h; path = src/public/kisCore/kisStringANSIStatic.h; sourceTree = "<group>"; };
		7A452DA12AE4008C00700DCB /* kisCore.h */ = {isa = PBXFileReference; fileEncoding = 4; lastKnownFileType = sourcecode.c.h; name = kisCore.h; path = src/public/kisCore/kisCore.h; sourceTree = "<group>"; };
		7A452DA72AE400FC00700DCB /* libkisGraphics.a */ = {isa = PBXFileReference; explicitFileType = archive.ar; includeInIndex = 0; path = libkisGraphics.a; sourceTree = BUILT_PRODUCTS_DIR; };
		7A452DC22AE42AA600700DCB /* libkisEngine.a */ = {isa = PBXFileReference; explicitFileType = archive.ar; includeInIndex = 0; path = libkisEngine.a; sourceTree = BUILT_PRODUCTS_DIR; };
		7A452DC92AE42AFE00700DCB /* engine.cpp */ = {isa = PBXFileReference; fileEncoding = 4; lastKnownFileType = sourcecode.cpp.cpp; name = engine.cpp; path = src/private/engine.cpp; sourceTree = "<group>"; };
		7A452DCC2AE42B1A00700DCB /* engine.h */ = {isa = PBXFileReference; fileEncoding = 4; lastKnownFileType = sourcecode.c.h; name = engine.h; path = src/public/kisEngine/engine.h; sourceTree = "<group>"; };
		7A452DCD2AE42DA700700DCB /* module.modulemap */ = {isa = PBXFileReference; fileEncoding = 4; lastKnownFileType = "sourcecode.module-map"; name = module.modulemap; path = src/public/module.modulemap; sourceTree = "<group>"; };
		7A452DDF2AE542AC00700DCB /* kisGraphics.cpp */ = {isa = PBXFileReference; fileEncoding = 4; lastKnownFileType = sourcecode.cpp.cpp; name = kisGraphics.cpp; path = src/private/kisGraphics.cpp; sourceTree = "<group>"; };
		7A452DE02AE542AC00700DCB /* kisGraphicsPrivate.h */ = {isa = PBXFileReference; fileEncoding = 4; lastKnownFileType = sourcecode.c.h; name = kisGraphicsPrivate.h; path = src/private/kisGraphicsPrivate.h; sourceTree = "<group>"; };
		7A452DE22AE542BF00700DCB /* kisGraphics.h */ = {isa = PBXFileReference; fileEncoding = 4; lastKnownFileType = sourcecode.c.h; name = kisGraphics.h; path = src/public/kisGraphics/kisGraphics.h; sourceTree = "<group>"; };
		7A452DE72AE5437C00700DCB /* kisVk.h */ = {isa = PBXFileReference; fileEncoding = 4; lastKnownFileType = sourcecode.c.h; name = kisVk.h; path = src/private/kisVk/kisVk.h; sourceTree = "<group>"; };
		7A452DE82AE5437C00700DCB /* kisVk.cpp */ = {isa = PBXFileReference; fileEncoding = 4; lastKnownFileType = sourcecode.cpp.cpp; name = kisVk.cpp; path = src/private/kisVk/kisVk.cpp; sourceTree = "<group>"; };
		7A452DEA2AE8532F00700DCB /* kisFile.h */ = {isa = PBXFileReference; lastKnownFileType = sourcecode.c.h; name = kisFile.h; path = src/public/kisCore/kisFile.h; sourceTree = "<group>"; };
		7A452DEB2AE8535600700DCB /* kisFile.cpp */ = {isa = PBXFileReference; lastKnownFileType = sourcecode.cpp.cpp; name = kisFile.cpp; path = src/private/kisFile.cpp; sourceTree = "<group>"; };
		7A452DED2AE854C100700DCB /* kisMem.h */ = {isa = PBXFileReference; lastKnownFileType = sourcecode.c.h; name = kisMem.h; path = src/public/kisCore/kisMem.h; sourceTree = "<group>"; };
		7A452DEE2AE854DC00700DCB /* kisMem.cpp */ = {isa = PBXFileReference; lastKnownFileType = sourcecode.cpp.cpp; name = kisMem.cpp; path = src/private/kisMem.cpp; sourceTree = "<group>"; };
		7A452DFE2AED285900700DCB /* Utilities.swift */ = {isa = PBXFileReference; lastKnownFileType = sourcecode.swift; path = Utilities.swift; sourceTree = "<group>"; };
		7A452E0A2AED443300700DCB /* data */ = {isa = PBXFileReference; lastKnownFileType = folder; path = data; sourceTree = "<group>"; };
		7A452E0D2AEE578100700DCB /* kisRenderer.swift */ = {isa = PBXFileReference; lastKnownFileType = sourcecode.swift; path = kisRenderer.swift; sourceTree = "<group>"; };
/* End PBXFileReference section */

/* Begin PBXFrameworksBuildPhase section */
		7A452D622AE4000200700DCB /* Frameworks */ = {
			isa = PBXFrameworksBuildPhase;
			buildActionMask = 2147483647;
			files = (
				7A452DD72AE431FF00700DCB /* libkisEngine.a in Frameworks */,
			);
			runOnlyForDeploymentPostprocessing = 0;
		};
		7A452D732AE4000200700DCB /* Frameworks */ = {
			isa = PBXFrameworksBuildPhase;
			buildActionMask = 2147483647;
			files = (
			);
			runOnlyForDeploymentPostprocessing = 0;
		};
		7A452D912AE4002E00700DCB /* Frameworks */ = {
			isa = PBXFrameworksBuildPhase;
			buildActionMask = 2147483647;
			files = (
			);
			runOnlyForDeploymentPostprocessing = 0;
		};
		7A452DA42AE400FC00700DCB /* Frameworks */ = {
			isa = PBXFrameworksBuildPhase;
			buildActionMask = 2147483647;
			files = (
				7A452DD82AE4320D00700DCB /* libkisCore.a in Frameworks */,
			);
			runOnlyForDeploymentPostprocessing = 0;
		};
		7A452DBF2AE42AA600700DCB /* Frameworks */ = {
			isa = PBXFrameworksBuildPhase;
			buildActionMask = 2147483647;
			files = (
				7A452DDA2AE4321A00700DCB /* libkisGraphics.a in Frameworks */,
				7A452DD92AE4321400700DCB /* libkisCore.a in Frameworks */,
			);
			runOnlyForDeploymentPostprocessing = 0;
		};
/* End PBXFrameworksBuildPhase section */

/* Begin PBXGroup section */
		7A452D572AE4000000700DCB = {
			isa = PBXGroup;
			children = (
				7A0B75F02AEF0AFA00CD2584 /* kis-iOS_Config.xcconfig */,
				7A452E0A2AED443300700DCB /* data */,
				7A452D5C2AE4000000700DCB /* kis Shared */,
				7A452D672AE4000200700DCB /* kis iOS */,
				7A452D772AE4000200700DCB /* kis macOS */,
				7A452D952AE4002E00700DCB /* kisCore */,
				7A452DA82AE400FC00700DCB /* kisGraphics */,
				7A452DC32AE42AA600700DCB /* kisEngine */,
				7A452D662AE4000200700DCB /* Products */,
				7A452DD62AE431FF00700DCB /* Frameworks */,
			);
			sourceTree = "<group>";
		};
		7A452D5C2AE4000000700DCB /* kis Shared */ = {
			isa = PBXGroup;
			children = (
				7A452D5D2AE4000000700DCB /* Shaders.metal */,
				7A452D5E2AE4000000700DCB /* Renderer.swift */,
				7A452D5F2AE4000000700DCB /* ShaderTypes.h */,
				7A452D602AE4000200700DCB /* Assets.xcassets */,
				7A452DFE2AED285900700DCB /* Utilities.swift */,
				7A452E0D2AEE578100700DCB /* kisRenderer.swift */,
			);
			path = "kis Shared";
			sourceTree = "<group>";
		};
		7A452D662AE4000200700DCB /* Products */ = {
			isa = PBXGroup;
			children = (
				7A452D652AE4000200700DCB /* kis.app */,
				7A452D762AE4000200700DCB /* kis.app */,
				7A452D942AE4002E00700DCB /* libkisCore.a */,
				7A452DA72AE400FC00700DCB /* libkisGraphics.a */,
				7A452DC22AE42AA600700DCB /* libkisEngine.a */,
			);
			name = Products;
			sourceTree = "<group>";
		};
		7A452D672AE4000200700DCB /* kis iOS */ = {
			isa = PBXGroup;
			children = (
				7A452D682AE4000200700DCB /* AppDelegate.swift */,
				7A452D6A2AE4000200700DCB /* GameViewController.swift */,
				7A452D6C2AE4000200700DCB /* Main.storyboard */,
				7A452D6F2AE4000200700DCB /* LaunchScreen.storyboard */,
			);
			path = "kis iOS";
			sourceTree = "<group>";
		};
		7A452D772AE4000200700DCB /* kis macOS */ = {
			isa = PBXGroup;
			children = (
				7A452D782AE4000200700DCB /* AppDelegate.swift */,
				7A452D7A2AE4000200700DCB /* GameViewController.swift */,
				7A452D7C2AE4000200700DCB /* Main.storyboard */,
				7A452D7F2AE4000200700DCB /* kis_macOS.entitlements */,
			);
			path = "kis macOS";
			sourceTree = "<group>";
		};
		7A452D952AE4002E00700DCB /* kisCore */ = {
			isa = PBXGroup;
			children = (
				7A0B75FE2AFAE2D300CD2584 /* kisFixedArray.h */,
				7A0B75FD2AFAE2D300CD2584 /* kisStaticArray.h */,
				7A0B75FC2AF8DD9E00CD2584 /* kisArray.h */,
				7A452D9F2AE4008C00700DCB /* kisStringANSIStatic.h */,
				7A452DA12AE4008C00700DCB /* kisCore.h */,
				7A452D9B2AE4007C00700DCB /* kisCore.cpp */,
				7A452DEA2AE8532F00700DCB /* kisFile.h */,
				7A452DEB2AE8535600700DCB /* kisFile.cpp */,
				7A452DED2AE854C100700DCB /* kisMem.h */,
				7A452DEE2AE854DC00700DCB /* kisMem.cpp */,
				7A0B75F12AF04FFA00CD2584 /* kisMath.cpp */,
				7A0B75F32AF0502100CD2584 /* kisMath.h */,
				7A0B75FF2AFCCC2800CD2584 /* kisTime.h */,
				7A0B76002AFCCC4B00CD2584 /* kisTime.cpp */,
			);
			path = kisCore;
			sourceTree = "<group>";
		};
		7A452DA82AE400FC00700DCB /* kisGraphics */ = {
			isa = PBXGroup;
			children = (
				7A452DE32AE5431C00700DCB /* kisVk */,
				7A452DE22AE542BF00700DCB /* kisGraphics.h */,
				7A452DDF2AE542AC00700DCB /* kisGraphics.cpp */,
				7A452DE02AE542AC00700DCB /* kisGraphicsPrivate.h */,
			);
			path = kisGraphics;
			sourceTree = "<group>";
		};
		7A452DC32AE42AA600700DCB /* kisEngine */ = {
			isa = PBXGroup;
			children = (
				7A452DCD2AE42DA700700DCB /* module.modulemap */,
				7A452DCC2AE42B1A00700DCB /* engine.h */,
				7A452DC92AE42AFE00700DCB /* engine.cpp */,
			);
			path = kisEngine;
			sourceTree = "<group>";
		};
		7A452DD62AE431FF00700DCB /* Frameworks */ = {
			isa = PBXGroup;
			children = (
			);
			name = Frameworks;
			sourceTree = "<group>";
		};
		7A452DE32AE5431C00700DCB /* kisVk */ = {
			isa = PBXGroup;
			children = (
				7A452DE82AE5437C00700DCB /* kisVk.cpp */,
				7A452DE72AE5437C00700DCB /* kisVk.h */,
				7A0B75F42AF3033D00CD2584 /* kisVkResources.h */,
				7A0B75F72AF3038E00CD2584 /* kisVkResources.cpp */,
				7A0B75F92AF303CF00CD2584 /* kisVkPrivate.h */,
				7A0B75FA2AF3040000CD2584 /* kisVkPrivate.cpp */,
			);
			name = kisVk;
			sourceTree = "<group>";
		};
/* End PBXGroup section */

/* Begin PBXNativeTarget section */
		7A452D642AE4000200700DCB /* kis iOS */ = {
			isa = PBXNativeTarget;
			buildConfigurationList = 7A452D8A2AE4000200700DCB /* Build configuration list for PBXNativeTarget "kis iOS" */;
			buildPhases = (
				7A452D612AE4000200700DCB /* Sources */,
				7A452D622AE4000200700DCB /* Frameworks */,
				7A452D632AE4000200700DCB /* Resources */,
			);
			buildRules = (
			);
			dependencies = (
				7A452DD52AE430D900700DCB /* PBXTargetDependency */,
			);
			name = "kis iOS";
			productName = "kis iOS";
			productReference = 7A452D652AE4000200700DCB /* kis.app */;
			productType = "com.apple.product-type.application";
		};
		7A452D752AE4000200700DCB /* kis macOS */ = {
			isa = PBXNativeTarget;
			buildConfigurationList = 7A452D8D2AE4000200700DCB /* Build configuration list for PBXNativeTarget "kis macOS" */;
			buildPhases = (
				7A452D722AE4000200700DCB /* Sources */,
				7A452D732AE4000200700DCB /* Frameworks */,
				7A452D742AE4000200700DCB /* Resources */,
			);
			buildRules = (
			);
			dependencies = (
			);
			name = "kis macOS";
			productName = "kis macOS";
			productReference = 7A452D762AE4000200700DCB /* kis.app */;
			productType = "com.apple.product-type.application";
		};
		7A452D932AE4002E00700DCB /* kisCore */ = {
			isa = PBXNativeTarget;
			buildConfigurationList = 7A452D982AE4002E00700DCB /* Build configuration list for PBXNativeTarget "kisCore" */;
			buildPhases = (
				7A452D902AE4002E00700DCB /* Sources */,
				7A452D912AE4002E00700DCB /* Frameworks */,
				7A452D922AE4002E00700DCB /* CopyFiles */,
			);
			buildRules = (
			);
			dependencies = (
			);
			name = kisCore;
			productName = kisCore;
			productReference = 7A452D942AE4002E00700DCB /* libkisCore.a */;
			productType = "com.apple.product-type.library.static";
		};
		7A452DA62AE400FC00700DCB /* kisGraphics */ = {
			isa = PBXNativeTarget;
			buildConfigurationList = 7A452DAB2AE400FC00700DCB /* Build configuration list for PBXNativeTarget "kisGraphics" */;
			buildPhases = (
				7A452DA32AE400FC00700DCB /* Sources */,
				7A452DA42AE400FC00700DCB /* Frameworks */,
				7A452DA52AE400FC00700DCB /* CopyFiles */,
			);
			buildRules = (
			);
			dependencies = (
				7A452DCF2AE430B200700DCB /* PBXTargetDependency */,
			);
			name = kisGraphics;
			productName = kisGraphics;
			productReference = 7A452DA72AE400FC00700DCB /* libkisGraphics.a */;
			productType = "com.apple.product-type.library.static";
		};
		7A452DC12AE42AA600700DCB /* kisEngine */ = {
			isa = PBXNativeTarget;
			buildConfigurationList = 7A452DC62AE42AA600700DCB /* Build configuration list for PBXNativeTarget "kisEngine" */;
			buildPhases = (
				7A452DBE2AE42AA600700DCB /* Sources */,
				7A452DBF2AE42AA600700DCB /* Frameworks */,
				7A452DC02AE42AA600700DCB /* CopyFiles */,
			);
			buildRules = (
			);
			dependencies = (
				7A452DD12AE430CA00700DCB /* PBXTargetDependency */,
				7A452DD32AE430CA00700DCB /* PBXTargetDependency */,
			);
			name = kisEngine;
			productName = kisEngine;
			productReference = 7A452DC22AE42AA600700DCB /* libkisEngine.a */;
			productType = "com.apple.product-type.library.static";
		};
/* End PBXNativeTarget section */

/* Begin PBXProject section */
		7A452D582AE4000000700DCB /* Project object */ = {
			isa = PBXProject;
			attributes = {
				BuildIndependentTargetsInParallel = 1;
				LastSwiftUpdateCheck = 1430;
				LastUpgradeCheck = 1430;
				TargetAttributes = {
					7A452D642AE4000200700DCB = {
						CreatedOnToolsVersion = 14.3;
					};
					7A452D752AE4000200700DCB = {
						CreatedOnToolsVersion = 14.3;
					};
					7A452D932AE4002E00700DCB = {
						CreatedOnToolsVersion = 14.3;
						LastSwiftMigration = 1430;
					};
					7A452DA62AE400FC00700DCB = {
						CreatedOnToolsVersion = 14.3;
					};
					7A452DC12AE42AA600700DCB = {
						CreatedOnToolsVersion = 14.3;
					};
				};
			};
			buildConfigurationList = 7A452D5B2AE4000000700DCB /* Build configuration list for PBXProject "kis" */;
			compatibilityVersion = "Xcode 14.0";
			developmentRegion = en;
			hasScannedForEncodings = 0;
			knownRegions = (
				en,
				Base,
			);
			mainGroup = 7A452D572AE4000000700DCB;
			productRefGroup = 7A452D662AE4000200700DCB /* Products */;
			projectDirPath = "";
			projectRoot = "";
			targets = (
				7A452D642AE4000200700DCB /* kis iOS */,
				7A452D752AE4000200700DCB /* kis macOS */,
				7A452D932AE4002E00700DCB /* kisCore */,
				7A452DA62AE400FC00700DCB /* kisGraphics */,
				7A452DC12AE42AA600700DCB /* kisEngine */,
			);
		};
/* End PBXProject section */

/* Begin PBXResourcesBuildPhase section */
		7A452D632AE4000200700DCB /* Resources */ = {
			isa = PBXResourcesBuildPhase;
			buildActionMask = 2147483647;
			files = (
				7A452D842AE4000200700DCB /* ShaderTypes.h in Resources */,
				7A452D6E2AE4000200700DCB /* Main.storyboard in Resources */,
				7A452D862AE4000200700DCB /* Assets.xcassets in Resources */,
				7A452D712AE4000200700DCB /* LaunchScreen.storyboard in Resources */,
				7A452E0B2AED443300700DCB /* data in Resources */,
			);
			runOnlyForDeploymentPostprocessing = 0;
		};
		7A452D742AE4000200700DCB /* Resources */ = {
			isa = PBXResourcesBuildPhase;
			buildActionMask = 2147483647;
			files = (
				7A452D7E2AE4000200700DCB /* Main.storyboard in Resources */,
				7A452D872AE4000200700DCB /* Assets.xcassets in Resources */,
				7A452E0C2AED443300700DCB /* data in Resources */,
				7A452D852AE4000200700DCB /* ShaderTypes.h in Resources */,
			);
			runOnlyForDeploymentPostprocessing = 0;
		};
/* End PBXResourcesBuildPhase section */

/* Begin PBXSourcesBuildPhase section */
		7A452D612AE4000200700DCB /* Sources */ = {
			isa = PBXSourcesBuildPhase;
			buildActionMask = 2147483647;
			files = (
				7A452D822AE4000200700DCB /* Renderer.swift in Sources */,
				7A452D802AE4000200700DCB /* Shaders.metal in Sources */,
				7A452D6B2AE4000200700DCB /* GameViewController.swift in Sources */,
				7A452DFF2AED285900700DCB /* Utilities.swift in Sources */,
				7A452E0E2AEE578100700DCB /* kisRenderer.swift in Sources */,
				7A452D692AE4000200700DCB /* AppDelegate.swift in Sources */,
			);
			runOnlyForDeploymentPostprocessing = 0;
		};
		7A452D722AE4000200700DCB /* Sources */ = {
			isa = PBXSourcesBuildPhase;
			buildActionMask = 2147483647;
			files = (
				7A452D832AE4000200700DCB /* Renderer.swift in Sources */,
				7A452D812AE4000200700DCB /* Shaders.metal in Sources */,
				7A452D7B2AE4000200700DCB /* GameViewController.swift in Sources */,
				7A452E002AED285900700DCB /* Utilities.swift in Sources */,
				7A452E0F2AEE578200700DCB /* kisRenderer.swift in Sources */,
				7A452D792AE4000200700DCB /* AppDelegate.swift in Sources */,
			);
			runOnlyForDeploymentPostprocessing = 0;
		};
		7A452D902AE4002E00700DCB /* Sources */ = {
			isa = PBXSourcesBuildPhase;
			buildActionMask = 2147483647;
			files = (
				7A0B76012AFCCC4B00CD2584 /* kisTime.cpp in Sources */,
				7A452DEF2AE854DC00700DCB /* kisMem.cpp in Sources */,
				7A452D9D2AE4007C00700DCB /* kisCore.cpp in Sources */,
				7A452DEC2AE8535600700DCB /* kisFile.cpp in Sources */,
				7A0B75F22AF04FFA00CD2584 /* kisMath.cpp in Sources */,
			);
			runOnlyForDeploymentPostprocessing = 0;
		};
		7A452DA32AE400FC00700DCB /* Sources */ = {
			isa = PBXSourcesBuildPhase;
			buildActionMask = 2147483647;
			files = (
				7A0B75FB2AF3040000CD2584 /* kisVkPrivate.cpp in Sources */,
				7A452DE92AE5437C00700DCB /* kisVk.cpp in Sources */,
				7A452DE12AE542AC00700DCB /* kisGraphics.cpp in Sources */,
				7A0B75F82AF3038E00CD2584 /* kisVkResources.cpp in Sources */,
			);
			runOnlyForDeploymentPostprocessing = 0;
		};
		7A452DBE2AE42AA600700DCB /* Sources */ = {
			isa = PBXSourcesBuildPhase;
			buildActionMask = 2147483647;
			files = (
				7A452DCA2AE42AFE00700DCB /* engine.cpp in Sources */,
			);
			runOnlyForDeploymentPostprocessing = 0;
		};
/* End PBXSourcesBuildPhase section */

/* Begin PBXTargetDependency section */
		7A452DCF2AE430B200700DCB /* PBXTargetDependency */ = {
			isa = PBXTargetDependency;
			target = 7A452D932AE4002E00700DCB /* kisCore */;
			targetProxy = 7A452DCE2AE430B200700DCB /* PBXContainerItemProxy */;
		};
		7A452DD12AE430CA00700DCB /* PBXTargetDependency */ = {
			isa = PBXTargetDependency;
			target = 7A452D932AE4002E00700DCB /* kisCore */;
			targetProxy = 7A452DD02AE430CA00700DCB /* PBXContainerItemProxy */;
		};
		7A452DD32AE430CA00700DCB /* PBXTargetDependency */ = {
			isa = PBXTargetDependency;
			target = 7A452DA62AE400FC00700DCB /* kisGraphics */;
			targetProxy = 7A452DD22AE430CA00700DCB /* PBXContainerItemProxy */;
		};
		7A452DD52AE430D900700DCB /* PBXTargetDependency */ = {
			isa = PBXTargetDependency;
			target = 7A452DC12AE42AA600700DCB /* kisEngine */;
			targetProxy = 7A452DD42AE430D900700DCB /* PBXContainerItemProxy */;
		};
/* End PBXTargetDependency section */

/* Begin PBXVariantGroup section */
		7A452D6C2AE4000200700DCB /* Main.storyboard */ = {
			isa = PBXVariantGroup;
			children = (
				7A452D6D2AE4000200700DCB /* Base */,
			);
			name = Main.storyboard;
			sourceTree = "<group>";
		};
		7A452D6F2AE4000200700DCB /* LaunchScreen.storyboard */ = {
			isa = PBXVariantGroup;
			children = (
				7A452D702AE4000200700DCB /* Base */,
			);
			name = LaunchScreen.storyboard;
			sourceTree = "<group>";
		};
		7A452D7C2AE4000200700DCB /* Main.storyboard */ = {
			isa = PBXVariantGroup;
			children = (
				7A452D7D2AE4000200700DCB /* Base */,
			);
			name = Main.storyboard;
			sourceTree = "<group>";
		};
/* End PBXVariantGroup section */

/* Begin XCBuildConfiguration section */
		7A452D882AE4000200700DCB /* Debug */ = {
			isa = XCBuildConfiguration;
			buildSettings = {
				ALWAYS_SEARCH_USER_PATHS = NO;
				CLANG_ANALYZER_NONNULL = YES;
				CLANG_ANALYZER_NUMBER_OBJECT_CONVERSION = YES_AGGRESSIVE;
				CLANG_CXX_LANGUAGE_STANDARD = "gnu++20";
				CLANG_ENABLE_MODULES = YES;
				CLANG_ENABLE_OBJC_ARC = YES;
				CLANG_ENABLE_OBJC_WEAK = YES;
				CLANG_WARN_BLOCK_CAPTURE_AUTORELEASING = YES;
				CLANG_WARN_BOOL_CONVERSION = YES;
				CLANG_WARN_COMMA = YES;
				CLANG_WARN_CONSTANT_CONVERSION = YES;
				CLANG_WARN_DEPRECATED_OBJC_IMPLEMENTATIONS = YES;
				CLANG_WARN_DIRECT_OBJC_ISA_USAGE = YES_ERROR;
				CLANG_WARN_DOCUMENTATION_COMMENTS = YES;
				CLANG_WARN_EMPTY_BODY = YES;
				CLANG_WARN_ENUM_CONVERSION = YES;
				CLANG_WARN_INFINITE_RECURSION = YES;
				CLANG_WARN_INT_CONVERSION = YES;
				CLANG_WARN_NON_LITERAL_NULL_CONVERSION = YES;
				CLANG_WARN_OBJC_IMPLICIT_RETAIN_SELF = YES;
				CLANG_WARN_OBJC_LITERAL_CONVERSION = YES;
				CLANG_WARN_OBJC_ROOT_CLASS = YES_ERROR;
				CLANG_WARN_QUOTED_INCLUDE_IN_FRAMEWORK_HEADER = YES;
				CLANG_WARN_RANGE_LOOP_ANALYSIS = YES;
				CLANG_WARN_STRICT_PROTOTYPES = YES;
				CLANG_WARN_SUSPICIOUS_MOVE = YES;
				CLANG_WARN_UNGUARDED_AVAILABILITY = YES_AGGRESSIVE;
				CLANG_WARN_UNREACHABLE_CODE = YES;
				CLANG_WARN__DUPLICATE_METHOD_MATCH = YES;
				COPY_PHASE_STRIP = NO;
				DEBUG_INFORMATION_FORMAT = dwarf;
				ENABLE_STRICT_OBJC_MSGSEND = YES;
				ENABLE_TESTABILITY = YES;
				GCC_C_LANGUAGE_STANDARD = gnu11;
				GCC_DYNAMIC_NO_PIC = NO;
				GCC_NO_COMMON_BLOCKS = YES;
				GCC_OPTIMIZATION_LEVEL = 0;
				GCC_PREPROCESSOR_DEFINITIONS = (
					"DEBUG=1",
					"$(inherited)",
				);
				GCC_WARN_64_TO_32_BIT_CONVERSION = YES;
				GCC_WARN_ABOUT_RETURN_TYPE = YES_ERROR;
				GCC_WARN_UNDECLARED_SELECTOR = YES;
				GCC_WARN_UNINITIALIZED_AUTOS = YES_AGGRESSIVE;
				GCC_WARN_UNUSED_FUNCTION = YES;
				GCC_WARN_UNUSED_VARIABLE = YES;
				HEADER_SEARCH_PATHS = "";
				MTL_ENABLE_DEBUG_INFO = INCLUDE_SOURCE;
				MTL_FAST_MATH = YES;
				ONLY_ACTIVE_ARCH = YES;
				SWIFT_ACTIVE_COMPILATION_CONDITIONS = DEBUG;
				SWIFT_OPTIMIZATION_LEVEL = "-Onone";
			};
			name = Debug;
		};
		7A452D892AE4000200700DCB /* Release */ = {
			isa = XCBuildConfiguration;
			buildSettings = {
				ALWAYS_SEARCH_USER_PATHS = NO;
				CLANG_ANALYZER_NONNULL = YES;
				CLANG_ANALYZER_NUMBER_OBJECT_CONVERSION = YES_AGGRESSIVE;
				CLANG_CXX_LANGUAGE_STANDARD = "gnu++20";
				CLANG_ENABLE_MODULES = YES;
				CLANG_ENABLE_OBJC_ARC = YES;
				CLANG_ENABLE_OBJC_WEAK = YES;
				CLANG_WARN_BLOCK_CAPTURE_AUTORELEASING = YES;
				CLANG_WARN_BOOL_CONVERSION = YES;
				CLANG_WARN_COMMA = YES;
				CLANG_WARN_CONSTANT_CONVERSION = YES;
				CLANG_WARN_DEPRECATED_OBJC_IMPLEMENTATIONS = YES;
				CLANG_WARN_DIRECT_OBJC_ISA_USAGE = YES_ERROR;
				CLANG_WARN_DOCUMENTATION_COMMENTS = YES;
				CLANG_WARN_EMPTY_BODY = YES;
				CLANG_WARN_ENUM_CONVERSION = YES;
				CLANG_WARN_INFINITE_RECURSION = YES;
				CLANG_WARN_INT_CONVERSION = YES;
				CLANG_WARN_NON_LITERAL_NULL_CONVERSION = YES;
				CLANG_WARN_OBJC_IMPLICIT_RETAIN_SELF = YES;
				CLANG_WARN_OBJC_LITERAL_CONVERSION = YES;
				CLANG_WARN_OBJC_ROOT_CLASS = YES_ERROR;
				CLANG_WARN_QUOTED_INCLUDE_IN_FRAMEWORK_HEADER = YES;
				CLANG_WARN_RANGE_LOOP_ANALYSIS = YES;
				CLANG_WARN_STRICT_PROTOTYPES = YES;
				CLANG_WARN_SUSPICIOUS_MOVE = YES;
				CLANG_WARN_UNGUARDED_AVAILABILITY = YES_AGGRESSIVE;
				CLANG_WARN_UNREACHABLE_CODE = YES;
				CLANG_WARN__DUPLICATE_METHOD_MATCH = YES;
				COPY_PHASE_STRIP = NO;
				DEBUG_INFORMATION_FORMAT = "dwarf-with-dsym";
				ENABLE_NS_ASSERTIONS = NO;
				ENABLE_STRICT_OBJC_MSGSEND = YES;
				GCC_C_LANGUAGE_STANDARD = gnu11;
				GCC_NO_COMMON_BLOCKS = YES;
				GCC_WARN_64_TO_32_BIT_CONVERSION = YES;
				GCC_WARN_ABOUT_RETURN_TYPE = YES_ERROR;
				GCC_WARN_UNDECLARED_SELECTOR = YES;
				GCC_WARN_UNINITIALIZED_AUTOS = YES_AGGRESSIVE;
				GCC_WARN_UNUSED_FUNCTION = YES;
				GCC_WARN_UNUSED_VARIABLE = YES;
				HEADER_SEARCH_PATHS = "";
				MTL_ENABLE_DEBUG_INFO = NO;
				MTL_FAST_MATH = YES;
				SWIFT_COMPILATION_MODE = wholemodule;
				SWIFT_OPTIMIZATION_LEVEL = "-O";
			};
			name = Release;
		};
		7A452D8B2AE4000200700DCB /* Debug */ = {
			isa = XCBuildConfiguration;
			baseConfigurationReference = 7A0B75F02AEF0AFA00CD2584 /* kis-iOS_Config.xcconfig */;
			buildSettings = {
				ASSETCATALOG_COMPILER_APPICON_NAME = AppIcon;
				ASSETCATALOG_COMPILER_GLOBAL_ACCENT_COLOR_NAME = AccentColor;
				CODE_SIGN_STYLE = Automatic;
				CURRENT_PROJECT_VERSION = 1;
				DEVELOPMENT_TEAM = 7LMD5965ZQ;
				GENERATE_INFOPLIST_FILE = YES;
				HEADER_SEARCH_PATHS = kisEngine/src/public;
				INFOPLIST_KEY_UIApplicationSupportsIndirectInputEvents = YES;
				INFOPLIST_KEY_UILaunchStoryboardName = LaunchScreen;
				INFOPLIST_KEY_UIMainStoryboardFile = Main;
				INFOPLIST_KEY_UIStatusBarHidden = YES;
				INFOPLIST_KEY_UISupportedInterfaceOrientations_iPad = "UIInterfaceOrientationPortrait UIInterfaceOrientationPortraitUpsideDown UIInterfaceOrientationLandscapeLeft UIInterfaceOrientationLandscapeRight";
				INFOPLIST_KEY_UISupportedInterfaceOrientations_iPhone = "UIInterfaceOrientationPortrait UIInterfaceOrientationLandscapeLeft UIInterfaceOrientationLandscapeRight";
				IPHONEOS_DEPLOYMENT_TARGET = 16.4;
				LD_RUNPATH_SEARCH_PATHS = (
					"$(inherited)",
					"@executable_path/Frameworks",
				);
				MARKETING_VERSION = 1.0;
				OTHER_LDFLAGS = (
					"-lc++",
					"${inherited}",
				);
				PRODUCT_BUNDLE_IDENTIFIER = com.hi.kis.kis;
				PRODUCT_NAME = kis;
				SDKROOT = iphoneos;
				SWIFT_EMIT_LOC_STRINGS = YES;
				SWIFT_OBJC_BRIDGING_HEADER = "kis Shared/ShaderTypes.h";
				SWIFT_VERSION = 5.0;
				TARGETED_DEVICE_FAMILY = "1,2";
			};
			name = Debug;
		};
		7A452D8C2AE4000200700DCB /* Release */ = {
			isa = XCBuildConfiguration;
			baseConfigurationReference = 7A0B75F02AEF0AFA00CD2584 /* kis-iOS_Config.xcconfig */;
			buildSettings = {
				ASSETCATALOG_COMPILER_APPICON_NAME = AppIcon;
				ASSETCATALOG_COMPILER_GLOBAL_ACCENT_COLOR_NAME = AccentColor;
				CODE_SIGN_STYLE = Automatic;
				CURRENT_PROJECT_VERSION = 1;
				DEVELOPMENT_TEAM = 7LMD5965ZQ;
				GENERATE_INFOPLIST_FILE = YES;
				HEADER_SEARCH_PATHS = kisEngine/src/public;
				INFOPLIST_KEY_UIApplicationSupportsIndirectInputEvents = YES;
				INFOPLIST_KEY_UILaunchStoryboardName = LaunchScreen;
				INFOPLIST_KEY_UIMainStoryboardFile = Main;
				INFOPLIST_KEY_UIStatusBarHidden = YES;
				INFOPLIST_KEY_UISupportedInterfaceOrientations_iPad = "UIInterfaceOrientationPortrait UIInterfaceOrientationPortraitUpsideDown UIInterfaceOrientationLandscapeLeft UIInterfaceOrientationLandscapeRight";
				INFOPLIST_KEY_UISupportedInterfaceOrientations_iPhone = "UIInterfaceOrientationPortrait UIInterfaceOrientationLandscapeLeft UIInterfaceOrientationLandscapeRight";
				IPHONEOS_DEPLOYMENT_TARGET = 16.4;
				LD_RUNPATH_SEARCH_PATHS = (
					"$(inherited)",
					"@executable_path/Frameworks",
				);
				MARKETING_VERSION = 1.0;
				OTHER_LDFLAGS = (
					"-lc++",
					"${inherited}",
				);
				PRODUCT_BUNDLE_IDENTIFIER = com.hi.kis.kis;
				PRODUCT_NAME = kis;
				SDKROOT = iphoneos;
				SWIFT_EMIT_LOC_STRINGS = YES;
				SWIFT_OBJC_BRIDGING_HEADER = "kis Shared/ShaderTypes.h";
				SWIFT_VERSION = 5.0;
				TARGETED_DEVICE_FAMILY = "1,2";
				VALIDATE_PRODUCT = YES;
			};
			name = Release;
		};
		7A452D8E2AE4000200700DCB /* Debug */ = {
			isa = XCBuildConfiguration;
			buildSettings = {
				ASSETCATALOG_COMPILER_APPICON_NAME = AppIcon;
				ASSETCATALOG_COMPILER_GLOBAL_ACCENT_COLOR_NAME = AccentColor;
				CODE_SIGN_ENTITLEMENTS = "kis macOS/kis_macOS.entitlements";
				CODE_SIGN_STYLE = Automatic;
				COMBINE_HIDPI_IMAGES = YES;
				CURRENT_PROJECT_VERSION = 1;
				DEVELOPMENT_TEAM = 7LMD5965ZQ;
				ENABLE_HARDENED_RUNTIME = YES;
				GENERATE_INFOPLIST_FILE = YES;
				INFOPLIST_KEY_NSHumanReadableCopyright = "";
				INFOPLIST_KEY_NSMainStoryboardFile = Main;
				INFOPLIST_KEY_NSPrincipalClass = NSApplication;
				LD_RUNPATH_SEARCH_PATHS = (
					"$(inherited)",
					"@executable_path/../Frameworks",
				);
				MACOSX_DEPLOYMENT_TARGET = 13.3;
				MARKETING_VERSION = 1.0;
				PRODUCT_BUNDLE_IDENTIFIER = com.hi.kis.kis;
				PRODUCT_NAME = kis;
				SDKROOT = macosx;
				SWIFT_EMIT_LOC_STRINGS = YES;
				SWIFT_OBJC_BRIDGING_HEADER = "kis Shared/ShaderTypes.h";
				SWIFT_VERSION = 5.0;
			};
			name = Debug;
		};
		7A452D8F2AE4000200700DCB /* Release */ = {
			isa = XCBuildConfiguration;
			buildSettings = {
				ASSETCATALOG_COMPILER_APPICON_NAME = AppIcon;
				ASSETCATALOG_COMPILER_GLOBAL_ACCENT_COLOR_NAME = AccentColor;
				CODE_SIGN_ENTITLEMENTS = "kis macOS/kis_macOS.entitlements";
				CODE_SIGN_STYLE = Automatic;
				COMBINE_HIDPI_IMAGES = YES;
				CURRENT_PROJECT_VERSION = 1;
				DEVELOPMENT_TEAM = 7LMD5965ZQ;
				ENABLE_HARDENED_RUNTIME = YES;
				GENERATE_INFOPLIST_FILE = YES;
				INFOPLIST_KEY_NSHumanReadableCopyright = "";
				INFOPLIST_KEY_NSMainStoryboardFile = Main;
				INFOPLIST_KEY_NSPrincipalClass = NSApplication;
				LD_RUNPATH_SEARCH_PATHS = (
					"$(inherited)",
					"@executable_path/../Frameworks",
				);
				MACOSX_DEPLOYMENT_TARGET = 13.3;
				MARKETING_VERSION = 1.0;
				PRODUCT_BUNDLE_IDENTIFIER = com.hi.kis.kis;
				PRODUCT_NAME = kis;
				SDKROOT = macosx;
				SWIFT_EMIT_LOC_STRINGS = YES;
				SWIFT_OBJC_BRIDGING_HEADER = "kis Shared/ShaderTypes.h";
				SWIFT_VERSION = 5.0;
			};
			name = Release;
		};
		7A452D992AE4002E00700DCB /* Debug */ = {
			isa = XCBuildConfiguration;
			buildSettings = {
				CLANG_ENABLE_MODULES = YES;
				CODE_SIGN_STYLE = Automatic;
				DEVELOPMENT_TEAM = 7LMD5965ZQ;
				HEADER_SEARCH_PATHS = (
					external/Eigen,
					external/glm,
				);
				IPHONEOS_DEPLOYMENT_TARGET = 16.4;
				OTHER_LDFLAGS = "-ObjC";
				PRODUCT_NAME = "$(TARGET_NAME)";
				SDKROOT = iphoneos;
				SKIP_INSTALL = YES;
				SWIFT_OPTIMIZATION_LEVEL = "-Onone";
				SWIFT_VERSION = 5.0;
				TARGETED_DEVICE_FAMILY = "1,2";
			};
			name = Debug;
		};
		7A452D9A2AE4002E00700DCB /* Release */ = {
			isa = XCBuildConfiguration;
			buildSettings = {
				CLANG_ENABLE_MODULES = YES;
				CODE_SIGN_STYLE = Automatic;
				DEVELOPMENT_TEAM = 7LMD5965ZQ;
				HEADER_SEARCH_PATHS = (
					external/Eigen,
					external/glm,
				);
				IPHONEOS_DEPLOYMENT_TARGET = 16.4;
				OTHER_LDFLAGS = "-ObjC";
				PRODUCT_NAME = "$(TARGET_NAME)";
				SDKROOT = iphoneos;
				SKIP_INSTALL = YES;
				SWIFT_VERSION = 5.0;
				TARGETED_DEVICE_FAMILY = "1,2";
				VALIDATE_PRODUCT = YES;
			};
			name = Release;
		};
		7A452DAC2AE400FC00700DCB /* Debug */ = {
			isa = XCBuildConfiguration;
			buildSettings = {
				CODE_SIGN_STYLE = Automatic;
				DEVELOPMENT_TEAM = 7LMD5965ZQ;
				HEADER_SEARCH_PATHS = (
					kisCore/src/public,
					external/Eigen,
					external/glm,
					external/MoltenVK/include,
					external/VulkanMemoryAllocator/include,
				);
				IPHONEOS_DEPLOYMENT_TARGET = 16.4;
				OTHER_LDFLAGS = "";
				PRODUCT_NAME = "$(TARGET_NAME)";
				PUBLIC_HEADERS_FOLDER_PATH = /usr/local/include;
				SDKROOT = iphoneos;
				SKIP_INSTALL = YES;
				SWIFT_VERSION = 5.0;
				TARGETED_DEVICE_FAMILY = "1,2";
			};
			name = Debug;
		};
		7A452DAD2AE400FC00700DCB /* Release */ = {
			isa = XCBuildConfiguration;
			buildSettings = {
				CODE_SIGN_STYLE = Automatic;
				DEVELOPMENT_TEAM = 7LMD5965ZQ;
				HEADER_SEARCH_PATHS = (
					kisCore/src/public,
					external/Eigen,
					external/glm,
					external/MoltenVK/include,
					external/VulkanMemoryAllocator/include,
				);
				IPHONEOS_DEPLOYMENT_TARGET = 16.4;
				OTHER_LDFLAGS = "";
				PRODUCT_NAME = "$(TARGET_NAME)";
				PUBLIC_HEADERS_FOLDER_PATH = /usr/local/include;
				SDKROOT = iphoneos;
				SKIP_INSTALL = YES;
				SWIFT_VERSION = 5.0;
				TARGETED_DEVICE_FAMILY = "1,2";
				VALIDATE_PRODUCT = YES;
			};
			name = Release;
		};
		7A452DC72AE42AA600700DCB /* Debug */ = {
			isa = XCBuildConfiguration;
			buildSettings = {
				CODE_SIGN_STYLE = Automatic;
				DEVELOPMENT_TEAM = 7LMD5965ZQ;
				HEADER_SEARCH_PATHS = (
					kisCore/src/public,
					kisGraphics/src/public,
				);
				IPHONEOS_DEPLOYMENT_TARGET = 16.4;
				OTHER_LDFLAGS = "-ObjC";
				PRODUCT_NAME = "$(TARGET_NAME)";
				SDKROOT = iphoneos;
				SKIP_INSTALL = YES;
				SWIFT_VERSION = 5.0;
				TARGETED_DEVICE_FAMILY = "1,2";
			};
			name = Debug;
		};
		7A452DC82AE42AA600700DCB /* Release */ = {
			isa = XCBuildConfiguration;
			buildSettings = {
				CODE_SIGN_STYLE = Automatic;
				DEVELOPMENT_TEAM = 7LMD5965ZQ;
				HEADER_SEARCH_PATHS = (
					kisCore/src/public,
					kisGraphics/src/public,
				);
				IPHONEOS_DEPLOYMENT_TARGET = 16.4;
				OTHER_LDFLAGS = "-ObjC";
				PRODUCT_NAME = "$(TARGET_NAME)";
				SDKROOT = iphoneos;
				SKIP_INSTALL = YES;
				SWIFT_VERSION = 5.0;
				TARGETED_DEVICE_FAMILY = "1,2";
				VALIDATE_PRODUCT = YES;
			};
			name = Release;
		};
/* End XCBuildConfiguration section */

/* Begin XCConfigurationList section */
		7A452D5B2AE4000000700DCB /* Build configuration list for PBXProject "kis" */ = {
			isa = XCConfigurationList;
			buildConfigurations = (
				7A452D882AE4000200700DCB /* Debug */,
				7A452D892AE4000200700DCB /* Release */,
			);
			defaultConfigurationIsVisible = 0;
			defaultConfigurationName = Release;
		};
		7A452D8A2AE4000200700DCB /* Build configuration list for PBXNativeTarget "kis iOS" */ = {
			isa = XCConfigurationList;
			buildConfigurations = (
				7A452D8B2AE4000200700DCB /* Debug */,
				7A452D8C2AE4000200700DCB /* Release */,
			);
			defaultConfigurationIsVisible = 0;
			defaultConfigurationName = Release;
		};
		7A452D8D2AE4000200700DCB /* Build configuration list for PBXNativeTarget "kis macOS" */ = {
			isa = XCConfigurationList;
			buildConfigurations = (
				7A452D8E2AE4000200700DCB /* Debug */,
				7A452D8F2AE4000200700DCB /* Release */,
			);
			defaultConfigurationIsVisible = 0;
			defaultConfigurationName = Release;
		};
		7A452D982AE4002E00700DCB /* Build configuration list for PBXNativeTarget "kisCore" */ = {
			isa = XCConfigurationList;
			buildConfigurations = (
				7A452D992AE4002E00700DCB /* Debug */,
				7A452D9A2AE4002E00700DCB /* Release */,
			);
			defaultConfigurationIsVisible = 0;
			defaultConfigurationName = Release;
		};
		7A452DAB2AE400FC00700DCB /* Build configuration list for PBXNativeTarget "kisGraphics" */ = {
			isa = XCConfigurationList;
			buildConfigurations = (
				7A452DAC2AE400FC00700DCB /* Debug */,
				7A452DAD2AE400FC00700DCB /* Release */,
			);
			defaultConfigurationIsVisible = 0;
			defaultConfigurationName = Release;
		};
		7A452DC62AE42AA600700DCB /* Build configuration list for PBXNativeTarget "kisEngine" */ = {
			isa = XCConfigurationList;
			buildConfigurations = (
				7A452DC72AE42AA600700DCB /* Debug */,
				7A452DC82AE42AA600700DCB /* Release */,
			);
			defaultConfigurationIsVisible = 0;
			defaultConfigurationName = Release;
		};
/* End XCConfigurationList section */
	};
	rootObject = 7A452D582AE4000000700DCB /* Project object */;
}
